
Microsoft Visual Studio Solution File, Format Version 12.00
# Visual Studio Version 16
VisualStudioVersion = 16.0.31005.135
MinimumVisualStudioVersion = 10.0.40219.1
Project("{FAE04EC0-301F-11D3-BF4B-00C04F79EFBC}") = "1. CenturiesToMinutes", "1. CenturiesToMinutes\1. CenturiesToMinutes.csproj", "{46A72D8B-E313-4587-A6FF-39A1A5F9A2E7}"
EndProject
Project("{FAE04EC0-301F-11D3-BF4B-00C04F79EFBC}") = "2. Integers", "2. Integers\2. Integers.csproj", "{69B05D9E-5750-4D1D-B84E-751BBFAE29FA}"
EndProject
Project("{FAE04EC0-301F-11D3-BF4B-00C04F79EFBC}") = "3. HexadecimalVariables", "3. HexadecimalVariables\3. HexadecimalVariables.csproj", "{841D050E-A98B-4929-AF72-6AAD424638A4}"
EndProject
Project("{FAE04EC0-301F-11D3-BF4B-00C04F79EFBC}") = "4. VariableSwap", "4. VariableSwap\4. VariableSwap.csproj", "{99D7BC3C-0161-408C-A5EE-86FAF8296CE7}"
EndProject
Project("{FAE04EC0-301F-11D3-BF4B-00C04F79EFBC}") = "5. DecimalToHexBin", "5. DecimalToHexBin\5. DecimalToHexBin.csproj", "{12B0A4F8-26DB-4DC8-8774-5F6EDDD914F6}"
EndProject
Project("{FAE04EC0-301F-11D3-BF4B-00C04F79EFBC}") = "6. IntegerDivision", "6. IntegerDivision\6. IntegerDivision.csproj", "{2549629A-9976-43FA-9CE9-94B50FEE6FF0}"
EndProject
Project("{FAE04EC0-301F-11D3-BF4B-00C04F79EFBC}") = "7. FloatingPointNumbers", "7. FloatingPointNumbers\7. FloatingPointNumbers.csproj", "{689A1483-D99A-428A-9A34-A860D29B3062}"
EndProject
Project("{FAE04EC0-301F-11D3-BF4B-00C04F79EFBC}") = "8. CircleArea", "8. CircleArea\8. CircleArea.csproj", "{BF9B8B55-315F-42A0-8418-53A6773A8FA5}"
EndProject
Project("{FAE04EC0-301F-11D3-BF4B-00C04F79EFBC}") = "9. ExactSum", "9. ExactSum\9. ExactSum.csproj", "{C64AFBA1-7A51-429F-9DBE-DC969CAFF8A2}"
EndProject
Project("{FAE04EC0-301F-11D3-BF4B-00C04F79EFBC}") = "10. Rectangle", "10. Rectangle\10. Rectangle.csproj", "{BBAB2A9A-64F3-4B78-BFFB-B910DA947F36}"
EndProject
Project("{FAE04EC0-301F-11D3-BF4B-00C04F79EFBC}") = "11. SpeedConversion", "11. SpeedConversion\11. SpeedConversion.csproj", "{D166B72D-5CBE-43F9-AF45-C73C96B17270}"
EndProject
Project("{FAE04EC0-301F-11D3-BF4B-00C04F79EFBC}") = "12. Elevator", "12. Elevator\12. Elevator.csproj", "{26F8BCBE-8981-4C3F-911B-510836D07630}"
EndProject
Project("{FAE04EC0-301F-11D3-BF4B-00C04F79EFBC}") = "13. SpecialNumbers", "13. SpecialNumber\13. SpecialNumbers.csproj", "{41F5045C-11ED-4CA6-80B0-F145328FCD10}"
EndProject
Project("{FAE04EC0-301F-11D3-BF4B-00C04F79EFBC}") = "14. BooleanVariable", "14. BooleanVariable\14. BooleanVariable.csproj", "{CB661BFA-32F7-477A-8677-C0983DAB295F}"
EndProject
Project("{FAE04EC0-301F-11D3-BF4B-00C04F79EFBC}") = "15. ThreeLatinLetters", "15. ThreeLatinLetters\15. ThreeLatinLetters.csproj", "{2BF1A60E-EB60-4632-92B9-BF3E3C8BB581}"
EndProject
Project("{FAE04EC0-301F-11D3-BF4B-00C04F79EFBC}") = "16. Greeting", "16. Greeting\16. Greeting.csproj", "{CFAD0662-32AA-4E14-8723-A2C15DCE37A6}"
EndProject
Project("{FAE04EC0-301F-11D3-BF4B-00C04F79EFBC}") = "17. StringsAndChars", "17. StringsAndChars\17. StringsAndChars.csproj", "{966F3CDD-DDA1-4059-946E-C53191464F6B}"
EndProject
Project("{FAE04EC0-301F-11D3-BF4B-00C04F79EFBC}") = "18. StringsAndObjects", "18. StringsAndObjects\18. StringsAndObjects.csproj", "{336BDE41-3B9F-4B23-A191-20BBA369990A}"
EndProject
Project("{FAE04EC0-301F-11D3-BF4B-00C04F79EFBC}") = "19. CharReverse", "19. CharReverse\19. CharReverse.csproj", "{39AEF094-22F5-4F75-AC86-2C9AEB7C9013}"
EndProject
Project("{FAE04EC0-301F-11D3-BF4B-00C04F79EFBC}") = "20. EmployeeData", "20. EmployeeData\20. EmployeeData.csproj", "{FE4C0657-AA1A-495A-80F3-4B35E4BFB17F}"
EndProject
Project("{FAE04EC0-301F-11D3-BF4B-00C04F79EFBC}") = "21. RefactoredPyramidVolume", "21. RefactoredPyramidVolume\21. RefactoredPyramidVolume.csproj", "{2F32A073-C0F9-48A0-A028-2BFAF50F6E01}"
EndProject
Project("{FAE04EC0-301F-11D3-BF4B-00C04F79EFBC}") = "22. TypeBoundaries", "22. TypeBoundaries\22. TypeBoundaries.csproj", "{D943291B-9CA7-4D6A-8019-1925FCDF499C}"
EndProject
Project("{FAE04EC0-301F-11D3-BF4B-00C04F79EFBC}") = "23. FloatCheck", "23. FloatCheck\23. FloatCheck.csproj", "{0C25D588-D4F6-48E9-B273-10A568030EA0}"
EndProject
Project("{FAE04EC0-301F-11D3-BF4B-00C04F79EFBC}") = "24. WaterFlow", "24. WaterFlow\24. WaterFlow.csproj", "{E431A9DB-A5A9-4D54-BE88-25EF5542A783}"
EndProject
Project("{FAE04EC0-301F-11D3-BF4B-00C04F79EFBC}") = "25. TouristInformation", "25. TouristInformation\25. TouristInformation.csproj", "{02805D4E-AFA1-4F2C-91FB-4985BBB6EE92}"
EndProject
Project("{FAE04EC0-301F-11D3-BF4B-00C04F79EFBC}") = "26. WeatherForecast", "26. WeatherForecast\26. WeatherForecast.csproj", "{CF4915AF-7C39-4930-BD39-C648FEDE37BB}"
EndProject
Project("{FAE04EC0-301F-11D3-BF4B-00C04F79EFBC}") = "27. CatchTheThief", "27. CatchTheThief\27. CatchTheThief.csproj", "{9CD158EB-4038-40A0-B638-B3E1B3E7484B}"
EndProject
Project("{FAE04EC0-301F-11D3-BF4B-00C04F79EFBC}") = "28. PunishTheThief", "28. PunishTheThief\28. PunishTheThief.csproj", "{C3CF1893-563D-4603-B280-45DC67CD66A1}"
EndProject
Project("{FAE04EC0-301F-11D3-BF4B-00C04F79EFBC}") = "29. Builder", "29. Builder\29. Builder.csproj", "{EDF16B53-B76D-4D9F-BE9C-AEA7CF742458}"
EndProject
Project("{FAE04EC0-301F-11D3-BF4B-00C04F79EFBC}") = "30. WordCreation", "30. WordCreation\30. WordCreation.csproj", "{5C33FABC-6A7D-440C-9263-D10CF216FBF8}"
EndProject
Project("{FAE04EC0-301F-11D3-BF4B-00C04F79EFBC}") = "31. CharSum", "31. CharSum\31. CharSum.csproj", "{FFF29471-E2BD-4347-95DD-3EFA018F19EB}"
EndProject
Project("{FAE04EC0-301F-11D3-BF4B-00C04F79EFBC}") = "32. StringConcatenation", "32. StringConcatenation\32. StringConcatenation.csproj", "{9F08E7DF-4B2D-4BBE-AE09-2F1C13969433}"
EndProject
Project("{FAE04EC0-301F-11D3-BF4B-00C04F79EFBC}") = "33. Beers", "33. Beers\33. Beers.csproj", "{5CBA1E6E-3BB8-49CA-B4E1-9BBD46537924}"
EndProject
Project("{FAE04EC0-301F-11D3-BF4B-00C04F79EFBC}") = "34. MessageDecryption", "34. MessageDecryption\34. MessageDecryption.csproj", "{7FA32FAC-B3AA-49ED-98DD-4B16E7714C04}"
EndProject
Project("{FAE04EC0-301F-11D3-BF4B-00C04F79EFBC}") = "35. BoatSimulator", "35. BoatSimulator\35. BoatSimulator.csproj", "{8A18DED4-DCB4-4B7C-98B7-21C79296D68E}"
EndProject
Project("{FAE04EC0-301F-11D3-BF4B-00C04F79EFBC}") = "36. CenturiesToNanoseconds", "36. CenturiesToNanoseconds\36. CenturiesToNanoseconds.csproj", "{CC9EAC3A-3C1B-439F-A952-625939E13D4F}"
EndProject
Project("{FAE04EC0-301F-11D3-BF4B-00C04F79EFBC}") = "37. VowelOrDigit", "37. VowelOrDigit\37. VowelOrDigit.csproj", "{23CB8D92-93E1-4090-A2C1-D671A51BF5EB}"
EndProject
Project("{FAE04EC0-301F-11D3-BF4B-00C04F79EFBC}") = "38. RefactorPrimeNumberCheck", "38. RefactorPrimeNumberCheck\38. RefactorPrimeNumberCheck.csproj", "{91FBCC0C-BFDE-4AE2-9CC8-1B039FECEF89}"
EndProject
Project("{FAE04EC0-301F-11D3-BF4B-00C04F79EFBC}") = "39. CompareFloatingNumbers", "39. CompareFloatingNumbers\39. CompareFloatingNumbers.csproj", "{803F5752-6C1B-49FC-B20C-0654658851D2}"
EndProject
Project("{FAE04EC0-301F-11D3-BF4B-00C04F79EFBC}") = "40. PrintASCIITable", "40. PrintASCIITable\40. PrintASCIITable.csproj", "{1F08A048-8674-485D-A83E-24AA6CEE8422}"
EndProject
Project("{FAE04EC0-301F-11D3-BF4B-00C04F79EFBC}") = "41. DifferentIntSizes", "41. DifferentIntSizes\41. DifferentIntSizes.csproj", "{7502B352-33E3-4C5E-AA46-CBBACEDDFA38}"
EndProject
Global
	GlobalSection(SolutionConfigurationPlatforms) = preSolution
		Debug|Any CPU = Debug|Any CPU
		Release|Any CPU = Release|Any CPU
	EndGlobalSection
	GlobalSection(ProjectConfigurationPlatforms) = postSolution
		{46A72D8B-E313-4587-A6FF-39A1A5F9A2E7}.Debug|Any CPU.ActiveCfg = Debug|Any CPU
		{46A72D8B-E313-4587-A6FF-39A1A5F9A2E7}.Debug|Any CPU.Build.0 = Debug|Any CPU
		{46A72D8B-E313-4587-A6FF-39A1A5F9A2E7}.Release|Any CPU.ActiveCfg = Release|Any CPU
		{46A72D8B-E313-4587-A6FF-39A1A5F9A2E7}.Release|Any CPU.Build.0 = Release|Any CPU
		{69B05D9E-5750-4D1D-B84E-751BBFAE29FA}.Debug|Any CPU.ActiveCfg = Debug|Any CPU
		{69B05D9E-5750-4D1D-B84E-751BBFAE29FA}.Debug|Any CPU.Build.0 = Debug|Any CPU
		{69B05D9E-5750-4D1D-B84E-751BBFAE29FA}.Release|Any CPU.ActiveCfg = Release|Any CPU
		{69B05D9E-5750-4D1D-B84E-751BBFAE29FA}.Release|Any CPU.Build.0 = Release|Any CPU
		{841D050E-A98B-4929-AF72-6AAD424638A4}.Debug|Any CPU.ActiveCfg = Debug|Any CPU
		{841D050E-A98B-4929-AF72-6AAD424638A4}.Debug|Any CPU.Build.0 = Debug|Any CPU
		{841D050E-A98B-4929-AF72-6AAD424638A4}.Release|Any CPU.ActiveCfg = Release|Any CPU
		{841D050E-A98B-4929-AF72-6AAD424638A4}.Release|Any CPU.Build.0 = Release|Any CPU
		{99D7BC3C-0161-408C-A5EE-86FAF8296CE7}.Debug|Any CPU.ActiveCfg = Debug|Any CPU
		{99D7BC3C-0161-408C-A5EE-86FAF8296CE7}.Debug|Any CPU.Build.0 = Debug|Any CPU
		{99D7BC3C-0161-408C-A5EE-86FAF8296CE7}.Release|Any CPU.ActiveCfg = Release|Any CPU
		{99D7BC3C-0161-408C-A5EE-86FAF8296CE7}.Release|Any CPU.Build.0 = Release|Any CPU
		{12B0A4F8-26DB-4DC8-8774-5F6EDDD914F6}.Debug|Any CPU.ActiveCfg = Debug|Any CPU
		{12B0A4F8-26DB-4DC8-8774-5F6EDDD914F6}.Debug|Any CPU.Build.0 = Debug|Any CPU
		{12B0A4F8-26DB-4DC8-8774-5F6EDDD914F6}.Release|Any CPU.ActiveCfg = Release|Any CPU
		{12B0A4F8-26DB-4DC8-8774-5F6EDDD914F6}.Release|Any CPU.Build.0 = Release|Any CPU
		{2549629A-9976-43FA-9CE9-94B50FEE6FF0}.Debug|Any CPU.ActiveCfg = Debug|Any CPU
		{2549629A-9976-43FA-9CE9-94B50FEE6FF0}.Debug|Any CPU.Build.0 = Debug|Any CPU
		{2549629A-9976-43FA-9CE9-94B50FEE6FF0}.Release|Any CPU.ActiveCfg = Release|Any CPU
		{2549629A-9976-43FA-9CE9-94B50FEE6FF0}.Release|Any CPU.Build.0 = Release|Any CPU
		{689A1483-D99A-428A-9A34-A860D29B3062}.Debug|Any CPU.ActiveCfg = Debug|Any CPU
		{689A1483-D99A-428A-9A34-A860D29B3062}.Debug|Any CPU.Build.0 = Debug|Any CPU
		{689A1483-D99A-428A-9A34-A860D29B3062}.Release|Any CPU.ActiveCfg = Release|Any CPU
		{689A1483-D99A-428A-9A34-A860D29B3062}.Release|Any CPU.Build.0 = Release|Any CPU
		{BF9B8B55-315F-42A0-8418-53A6773A8FA5}.Debug|Any CPU.ActiveCfg = Debug|Any CPU
		{BF9B8B55-315F-42A0-8418-53A6773A8FA5}.Debug|Any CPU.Build.0 = Debug|Any CPU
		{BF9B8B55-315F-42A0-8418-53A6773A8FA5}.Release|Any CPU.ActiveCfg = Release|Any CPU
		{BF9B8B55-315F-42A0-8418-53A6773A8FA5}.Release|Any CPU.Build.0 = Release|Any CPU
		{C64AFBA1-7A51-429F-9DBE-DC969CAFF8A2}.Debug|Any CPU.ActiveCfg = Debug|Any CPU
		{C64AFBA1-7A51-429F-9DBE-DC969CAFF8A2}.Debug|Any CPU.Build.0 = Debug|Any CPU
		{C64AFBA1-7A51-429F-9DBE-DC969CAFF8A2}.Release|Any CPU.ActiveCfg = Release|Any CPU
		{C64AFBA1-7A51-429F-9DBE-DC969CAFF8A2}.Release|Any CPU.Build.0 = Release|Any CPU
		{BBAB2A9A-64F3-4B78-BFFB-B910DA947F36}.Debug|Any CPU.ActiveCfg = Debug|Any CPU
		{BBAB2A9A-64F3-4B78-BFFB-B910DA947F36}.Debug|Any CPU.Build.0 = Debug|Any CPU
		{BBAB2A9A-64F3-4B78-BFFB-B910DA947F36}.Release|Any CPU.ActiveCfg = Release|Any CPU
		{BBAB2A9A-64F3-4B78-BFFB-B910DA947F36}.Release|Any CPU.Build.0 = Release|Any CPU
		{D166B72D-5CBE-43F9-AF45-C73C96B17270}.Debug|Any CPU.ActiveCfg = Debug|Any CPU
		{D166B72D-5CBE-43F9-AF45-C73C96B17270}.Debug|Any CPU.Build.0 = Debug|Any CPU
		{D166B72D-5CBE-43F9-AF45-C73C96B17270}.Release|Any CPU.ActiveCfg = Release|Any CPU
		{D166B72D-5CBE-43F9-AF45-C73C96B17270}.Release|Any CPU.Build.0 = Release|Any CPU
		{26F8BCBE-8981-4C3F-911B-510836D07630}.Debug|Any CPU.ActiveCfg = Debug|Any CPU
		{26F8BCBE-8981-4C3F-911B-510836D07630}.Debug|Any CPU.Build.0 = Debug|Any CPU
		{26F8BCBE-8981-4C3F-911B-510836D07630}.Release|Any CPU.ActiveCfg = Release|Any CPU
		{26F8BCBE-8981-4C3F-911B-510836D07630}.Release|Any CPU.Build.0 = Release|Any CPU
		{41F5045C-11ED-4CA6-80B0-F145328FCD10}.Debug|Any CPU.ActiveCfg = Debug|Any CPU
		{41F5045C-11ED-4CA6-80B0-F145328FCD10}.Debug|Any CPU.Build.0 = Debug|Any CPU
		{41F5045C-11ED-4CA6-80B0-F145328FCD10}.Release|Any CPU.ActiveCfg = Release|Any CPU
		{41F5045C-11ED-4CA6-80B0-F145328FCD10}.Release|Any CPU.Build.0 = Release|Any CPU
		{CB661BFA-32F7-477A-8677-C0983DAB295F}.Debug|Any CPU.ActiveCfg = Debug|Any CPU
		{CB661BFA-32F7-477A-8677-C0983DAB295F}.Debug|Any CPU.Build.0 = Debug|Any CPU
		{CB661BFA-32F7-477A-8677-C0983DAB295F}.Release|Any CPU.ActiveCfg = Release|Any CPU
		{CB661BFA-32F7-477A-8677-C0983DAB295F}.Release|Any CPU.Build.0 = Release|Any CPU
		{2BF1A60E-EB60-4632-92B9-BF3E3C8BB581}.Debug|Any CPU.ActiveCfg = Debug|Any CPU
		{2BF1A60E-EB60-4632-92B9-BF3E3C8BB581}.Debug|Any CPU.Build.0 = Debug|Any CPU
		{2BF1A60E-EB60-4632-92B9-BF3E3C8BB581}.Release|Any CPU.ActiveCfg = Release|Any CPU
		{2BF1A60E-EB60-4632-92B9-BF3E3C8BB581}.Release|Any CPU.Build.0 = Release|Any CPU
		{CFAD0662-32AA-4E14-8723-A2C15DCE37A6}.Debug|Any CPU.ActiveCfg = Debug|Any CPU
		{CFAD0662-32AA-4E14-8723-A2C15DCE37A6}.Debug|Any CPU.Build.0 = Debug|Any CPU
		{CFAD0662-32AA-4E14-8723-A2C15DCE37A6}.Release|Any CPU.ActiveCfg = Release|Any CPU
		{CFAD0662-32AA-4E14-8723-A2C15DCE37A6}.Release|Any CPU.Build.0 = Release|Any CPU
		{966F3CDD-DDA1-4059-946E-C53191464F6B}.Debug|Any CPU.ActiveCfg = Debug|Any CPU
		{966F3CDD-DDA1-4059-946E-C53191464F6B}.Debug|Any CPU.Build.0 = Debug|Any CPU
		{966F3CDD-DDA1-4059-946E-C53191464F6B}.Release|Any CPU.ActiveCfg = Release|Any CPU
		{966F3CDD-DDA1-4059-946E-C53191464F6B}.Release|Any CPU.Build.0 = Release|Any CPU
		{336BDE41-3B9F-4B23-A191-20BBA369990A}.Debug|Any CPU.ActiveCfg = Debug|Any CPU
		{336BDE41-3B9F-4B23-A191-20BBA369990A}.Debug|Any CPU.Build.0 = Debug|Any CPU
		{336BDE41-3B9F-4B23-A191-20BBA369990A}.Release|Any CPU.ActiveCfg = Release|Any CPU
		{336BDE41-3B9F-4B23-A191-20BBA369990A}.Release|Any CPU.Build.0 = Release|Any CPU
		{39AEF094-22F5-4F75-AC86-2C9AEB7C9013}.Debug|Any CPU.ActiveCfg = Debug|Any CPU
		{39AEF094-22F5-4F75-AC86-2C9AEB7C9013}.Debug|Any CPU.Build.0 = Debug|Any CPU
		{39AEF094-22F5-4F75-AC86-2C9AEB7C9013}.Release|Any CPU.ActiveCfg = Release|Any CPU
		{39AEF094-22F5-4F75-AC86-2C9AEB7C9013}.Release|Any CPU.Build.0 = Release|Any CPU
		{FE4C0657-AA1A-495A-80F3-4B35E4BFB17F}.Debug|Any CPU.ActiveCfg = Debug|Any CPU
		{FE4C0657-AA1A-495A-80F3-4B35E4BFB17F}.Debug|Any CPU.Build.0 = Debug|Any CPU
		{FE4C0657-AA1A-495A-80F3-4B35E4BFB17F}.Release|Any CPU.ActiveCfg = Release|Any CPU
		{FE4C0657-AA1A-495A-80F3-4B35E4BFB17F}.Release|Any CPU.Build.0 = Release|Any CPU
		{2F32A073-C0F9-48A0-A028-2BFAF50F6E01}.Debug|Any CPU.ActiveCfg = Debug|Any CPU
		{2F32A073-C0F9-48A0-A028-2BFAF50F6E01}.Debug|Any CPU.Build.0 = Debug|Any CPU
		{2F32A073-C0F9-48A0-A028-2BFAF50F6E01}.Release|Any CPU.ActiveCfg = Release|Any CPU
		{2F32A073-C0F9-48A0-A028-2BFAF50F6E01}.Release|Any CPU.Build.0 = Release|Any CPU
		{D943291B-9CA7-4D6A-8019-1925FCDF499C}.Debug|Any CPU.ActiveCfg = Debug|Any CPU
		{D943291B-9CA7-4D6A-8019-1925FCDF499C}.Debug|Any CPU.Build.0 = Debug|Any CPU
		{D943291B-9CA7-4D6A-8019-1925FCDF499C}.Release|Any CPU.ActiveCfg = Release|Any CPU
		{D943291B-9CA7-4D6A-8019-1925FCDF499C}.Release|Any CPU.Build.0 = Release|Any CPU
		{0C25D588-D4F6-48E9-B273-10A568030EA0}.Debug|Any CPU.ActiveCfg = Debug|Any CPU
		{0C25D588-D4F6-48E9-B273-10A568030EA0}.Debug|Any CPU.Build.0 = Debug|Any CPU
		{0C25D588-D4F6-48E9-B273-10A568030EA0}.Release|Any CPU.ActiveCfg = Release|Any CPU
		{0C25D588-D4F6-48E9-B273-10A568030EA0}.Release|Any CPU.Build.0 = Release|Any CPU
		{E431A9DB-A5A9-4D54-BE88-25EF5542A783}.Debug|Any CPU.ActiveCfg = Debug|Any CPU
		{E431A9DB-A5A9-4D54-BE88-25EF5542A783}.Debug|Any CPU.Build.0 = Debug|Any CPU
		{E431A9DB-A5A9-4D54-BE88-25EF5542A783}.Release|Any CPU.ActiveCfg = Release|Any CPU
		{E431A9DB-A5A9-4D54-BE88-25EF5542A783}.Release|Any CPU.Build.0 = Release|Any CPU
		{02805D4E-AFA1-4F2C-91FB-4985BBB6EE92}.Debug|Any CPU.ActiveCfg = Debug|Any CPU
		{02805D4E-AFA1-4F2C-91FB-4985BBB6EE92}.Debug|Any CPU.Build.0 = Debug|Any CPU
		{02805D4E-AFA1-4F2C-91FB-4985BBB6EE92}.Release|Any CPU.ActiveCfg = Release|Any CPU
		{02805D4E-AFA1-4F2C-91FB-4985BBB6EE92}.Release|Any CPU.Build.0 = Release|Any CPU
		{CF4915AF-7C39-4930-BD39-C648FEDE37BB}.Debug|Any CPU.ActiveCfg = Debug|Any CPU
		{CF4915AF-7C39-4930-BD39-C648FEDE37BB}.Debug|Any CPU.Build.0 = Debug|Any CPU
		{CF4915AF-7C39-4930-BD39-C648FEDE37BB}.Release|Any CPU.ActiveCfg = Release|Any CPU
		{CF4915AF-7C39-4930-BD39-C648FEDE37BB}.Release|Any CPU.Build.0 = Release|Any CPU
		{9CD158EB-4038-40A0-B638-B3E1B3E7484B}.Debug|Any CPU.ActiveCfg = Debug|Any CPU
		{9CD158EB-4038-40A0-B638-B3E1B3E7484B}.Debug|Any CPU.Build.0 = Debug|Any CPU
		{9CD158EB-4038-40A0-B638-B3E1B3E7484B}.Release|Any CPU.ActiveCfg = Release|Any CPU
		{9CD158EB-4038-40A0-B638-B3E1B3E7484B}.Release|Any CPU.Build.0 = Release|Any CPU
		{C3CF1893-563D-4603-B280-45DC67CD66A1}.Debug|Any CPU.ActiveCfg = Debug|Any CPU
		{C3CF1893-563D-4603-B280-45DC67CD66A1}.Debug|Any CPU.Build.0 = Debug|Any CPU
		{C3CF1893-563D-4603-B280-45DC67CD66A1}.Release|Any CPU.ActiveCfg = Release|Any CPU
		{C3CF1893-563D-4603-B280-45DC67CD66A1}.Release|Any CPU.Build.0 = Release|Any CPU
		{EDF16B53-B76D-4D9F-BE9C-AEA7CF742458}.Debug|Any CPU.ActiveCfg = Debug|Any CPU
		{EDF16B53-B76D-4D9F-BE9C-AEA7CF742458}.Debug|Any CPU.Build.0 = Debug|Any CPU
		{EDF16B53-B76D-4D9F-BE9C-AEA7CF742458}.Release|Any CPU.ActiveCfg = Release|Any CPU
		{EDF16B53-B76D-4D9F-BE9C-AEA7CF742458}.Release|Any CPU.Build.0 = Release|Any CPU
		{5C33FABC-6A7D-440C-9263-D10CF216FBF8}.Debug|Any CPU.ActiveCfg = Debug|Any CPU
		{5C33FABC-6A7D-440C-9263-D10CF216FBF8}.Debug|Any CPU.Build.0 = Debug|Any CPU
		{5C33FABC-6A7D-440C-9263-D10CF216FBF8}.Release|Any CPU.ActiveCfg = Release|Any CPU
		{5C33FABC-6A7D-440C-9263-D10CF216FBF8}.Release|Any CPU.Build.0 = Release|Any CPU
		{FFF29471-E2BD-4347-95DD-3EFA018F19EB}.Debug|Any CPU.ActiveCfg = Debug|Any CPU
		{FFF29471-E2BD-4347-95DD-3EFA018F19EB}.Debug|Any CPU.Build.0 = Debug|Any CPU
		{FFF29471-E2BD-4347-95DD-3EFA018F19EB}.Release|Any CPU.ActiveCfg = Release|Any CPU
		{FFF29471-E2BD-4347-95DD-3EFA018F19EB}.Release|Any CPU.Build.0 = Release|Any CPU
		{9F08E7DF-4B2D-4BBE-AE09-2F1C13969433}.Debug|Any CPU.ActiveCfg = Debug|Any CPU
		{9F08E7DF-4B2D-4BBE-AE09-2F1C13969433}.Debug|Any CPU.Build.0 = Debug|Any CPU
		{9F08E7DF-4B2D-4BBE-AE09-2F1C13969433}.Release|Any CPU.ActiveCfg = Release|Any CPU
		{9F08E7DF-4B2D-4BBE-AE09-2F1C13969433}.Release|Any CPU.Build.0 = Release|Any CPU
		{5CBA1E6E-3BB8-49CA-B4E1-9BBD46537924}.Debug|Any CPU.ActiveCfg = Debug|Any CPU
		{5CBA1E6E-3BB8-49CA-B4E1-9BBD46537924}.Debug|Any CPU.Build.0 = Debug|Any CPU
		{5CBA1E6E-3BB8-49CA-B4E1-9BBD46537924}.Release|Any CPU.ActiveCfg = Release|Any CPU
		{5CBA1E6E-3BB8-49CA-B4E1-9BBD46537924}.Release|Any CPU.Build.0 = Release|Any CPU
		{7FA32FAC-B3AA-49ED-98DD-4B16E7714C04}.Debug|Any CPU.ActiveCfg = Debug|Any CPU
		{7FA32FAC-B3AA-49ED-98DD-4B16E7714C04}.Debug|Any CPU.Build.0 = Debug|Any CPU
		{7FA32FAC-B3AA-49ED-98DD-4B16E7714C04}.Release|Any CPU.ActiveCfg = Release|Any CPU
		{7FA32FAC-B3AA-49ED-98DD-4B16E7714C04}.Release|Any CPU.Build.0 = Release|Any CPU
		{8A18DED4-DCB4-4B7C-98B7-21C79296D68E}.Debug|Any CPU.ActiveCfg = Debug|Any CPU
		{8A18DED4-DCB4-4B7C-98B7-21C79296D68E}.Debug|Any CPU.Build.0 = Debug|Any CPU
		{8A18DED4-DCB4-4B7C-98B7-21C79296D68E}.Release|Any CPU.ActiveCfg = Release|Any CPU
		{8A18DED4-DCB4-4B7C-98B7-21C79296D68E}.Release|Any CPU.Build.0 = Release|Any CPU
		{CC9EAC3A-3C1B-439F-A952-625939E13D4F}.Debug|Any CPU.ActiveCfg = Debug|Any CPU
		{CC9EAC3A-3C1B-439F-A952-625939E13D4F}.Debug|Any CPU.Build.0 = Debug|Any CPU
		{CC9EAC3A-3C1B-439F-A952-625939E13D4F}.Release|Any CPU.ActiveCfg = Release|Any CPU
		{CC9EAC3A-3C1B-439F-A952-625939E13D4F}.Release|Any CPU.Build.0 = Release|Any CPU
		{23CB8D92-93E1-4090-A2C1-D671A51BF5EB}.Debug|Any CPU.ActiveCfg = Debug|Any CPU
		{23CB8D92-93E1-4090-A2C1-D671A51BF5EB}.Debug|Any CPU.Build.0 = Debug|Any CPU
		{23CB8D92-93E1-4090-A2C1-D671A51BF5EB}.Release|Any CPU.ActiveCfg = Release|Any CPU
		{23CB8D92-93E1-4090-A2C1-D671A51BF5EB}.Release|Any CPU.Build.0 = Release|Any CPU
		{91FBCC0C-BFDE-4AE2-9CC8-1B039FECEF89}.Debug|Any CPU.ActiveCfg = Debug|Any CPU
		{91FBCC0C-BFDE-4AE2-9CC8-1B039FECEF89}.Debug|Any CPU.Build.0 = Debug|Any CPU
		{91FBCC0C-BFDE-4AE2-9CC8-1B039FECEF89}.Release|Any CPU.ActiveCfg = Release|Any CPU
		{91FBCC0C-BFDE-4AE2-9CC8-1B039FECEF89}.Release|Any CPU.Build.0 = Release|Any CPU
		{803F5752-6C1B-49FC-B20C-0654658851D2}.Debug|Any CPU.ActiveCfg = Debug|Any CPU
		{803F5752-6C1B-49FC-B20C-0654658851D2}.Debug|Any CPU.Build.0 = Debug|Any CPU
		{803F5752-6C1B-49FC-B20C-0654658851D2}.Release|Any CPU.ActiveCfg = Release|Any CPU
		{803F5752-6C1B-49FC-B20C-0654658851D2}.Release|Any CPU.Build.0 = Release|Any CPU
		{1F08A048-8674-485D-A83E-24AA6CEE8422}.Debug|Any CPU.ActiveCfg = Debug|Any CPU
		{1F08A048-8674-485D-A83E-24AA6CEE8422}.Debug|Any CPU.Build.0 = Debug|Any CPU
		{1F08A048-8674-485D-A83E-24AA6CEE8422}.Release|Any CPU.ActiveCfg = Release|Any CPU
		{1F08A048-8674-485D-A83E-24AA6CEE8422}.Release|Any CPU.Build.0 = Release|Any CPU
		{7502B352-33E3-4C5E-AA46-CBBACEDDFA38}.Debug|Any CPU.ActiveCfg = Debug|Any CPU
		{7502B352-33E3-4C5E-AA46-CBBACEDDFA38}.Debug|Any CPU.Build.0 = Debug|Any CPU
		{7502B352-33E3-4C5E-AA46-CBBACEDDFA38}.Release|Any CPU.ActiveCfg = Release|Any CPU
		{7502B352-33E3-4C5E-AA46-CBBACEDDFA38}.Release|Any CPU.Build.0 = Release|Any CPU
	EndGlobalSection
	GlobalSection(SolutionProperties) = preSolution
		HideSolutionNode = FALSE
	EndGlobalSection
	GlobalSection(ExtensibilityGlobals) = postSolution
		SolutionGuid = {7BAFFA88-C0C7-4888-9863-BE767BB5E4D3}
	EndGlobalSection
EndGlobal
