
Microsoft Visual Studio Solution File, Format Version 12.00
# Visual Studio Version 16
VisualStudioVersion = 16.0.31729.503
MinimumVisualStudioVersion = 10.0.40219.1
Project("{FAE04EC0-301F-11D3-BF4B-00C04F79EFBC}") = "01. EventRealization", "01. EventRealization\01. EventRealization.csproj", "{9E0BBE41-2DF0-48E0-85E7-A3D86232C4FA}"
EndProject
Project("{FAE04EC0-301F-11D3-BF4B-00C04F79EFBC}") = "02. RoyalGambit", "02. RoyalGambit\02. RoyalGambit.csproj", "{35FBB202-B975-41BC-A5D7-38CAC1F1893A}"
EndProject
Global
	GlobalSection(SolutionConfigurationPlatforms) = preSolution
		Debug|Any CPU = Debug|Any CPU
		Release|Any CPU = Release|Any CPU
	EndGlobalSection
	GlobalSection(ProjectConfigurationPlatforms) = postSolution
		{9E0BBE41-2DF0-48E0-85E7-A3D86232C4FA}.Debug|Any CPU.ActiveCfg = Debug|Any CPU
		{9E0BBE41-2DF0-48E0-85E7-A3D86232C4FA}.Debug|Any CPU.Build.0 = Debug|Any CPU
		{9E0BBE41-2DF0-48E0-85E7-A3D86232C4FA}.Release|Any CPU.ActiveCfg = Release|Any CPU
		{9E0BBE41-2DF0-48E0-85E7-A3D86232C4FA}.Release|Any CPU.Build.0 = Release|Any CPU
		{35FBB202-B975-41BC-A5D7-38CAC1F1893A}.Debug|Any CPU.ActiveCfg = Debug|Any CPU
		{35FBB202-B975-41BC-A5D7-38CAC1F1893A}.Debug|Any CPU.Build.0 = Debug|Any CPU
		{35FBB202-B975-41BC-A5D7-38CAC1F1893A}.Release|Any CPU.ActiveCfg = Release|Any CPU
		{35FBB202-B975-41BC-A5D7-38CAC1F1893A}.Release|Any CPU.Build.0 = Release|Any CPU
	EndGlobalSection
	GlobalSection(SolutionProperties) = preSolution
		HideSolutionNode = FALSE
	EndGlobalSection
	GlobalSection(ExtensibilityGlobals) = postSolution
		SolutionGuid = {30348708-2FC4-4E4C-A376-444D0CFB8926}
	EndGlobalSection
EndGlobal
