
Microsoft Visual Studio Solution File, Format Version 12.00
# Visual Studio Version 16
VisualStudioVersion = 16.0.31205.134
MinimumVisualStudioVersion = 10.0.40219.1
Project("{FAE04EC0-301F-11D3-BF4B-00C04F79EFBC}") = "01. BankAccountClass", "01. BankAccountClass\01. BankAccountClass.csproj", "{946061B5-AD69-4A2D-820E-270D98946D68}"
EndProject
Project("{FAE04EC0-301F-11D3-BF4B-00C04F79EFBC}") = "02. PersonClass", "02. PersonClass\02. PersonClass.csproj", "{AE5FAEC2-EA5A-4910-9B80-FE27689E2D64}"
EndProject
Project("{FAE04EC0-301F-11D3-BF4B-00C04F79EFBC}") = "03. EmployeeList", "03. EmployeeList\03. EmployeeList.csproj", "{CBCE0E73-448A-48BA-80A7-10D88520AC79}"
EndProject
Project("{FAE04EC0-301F-11D3-BF4B-00C04F79EFBC}") = "04. DefinePersonClass", "04. DefinePersonClass\04. DefinePersonClass.csproj", "{02345D98-26E4-4E0D-82EA-3F0116147F5B}"
EndProject
Project("{FAE04EC0-301F-11D3-BF4B-00C04F79EFBC}") = "05. AddMethodsToBankAcc", "05. AddMethodsToBankAcc\05. AddMethodsToBankAcc.csproj", "{D26C08F2-A163-4E08-994E-74BCB0B3192E}"
EndProject
Project("{FAE04EC0-301F-11D3-BF4B-00C04F79EFBC}") = "06. MoneyOfPerson", "06. MoneyOfPerson\06. MoneyOfPerson.csproj", "{C662D77A-E811-4257-B93C-8F74EBFDD564}"
EndProject
Project("{FAE04EC0-301F-11D3-BF4B-00C04F79EFBC}") = "07. OldestFamilyMember", "07. OldestFamilyMember\07. OldestFamilyMember.csproj", "{EA6E7926-424F-4ABD-A85C-A21FC316EFEB}"
EndProject
Project("{FAE04EC0-301F-11D3-BF4B-00C04F79EFBC}") = "08. StatisticSurvey", "08. StatisticSurvey\08. StatisticSurvey.csproj", "{1BE3B296-A4DA-4B30-8A3E-15C9573A10CA}"
EndProject
Project("{FAE04EC0-301F-11D3-BF4B-00C04F79EFBC}") = "09. DateModifier", "09. DateModifier\09. DateModifier.csproj", "{40B66F3D-5AA7-4B04-B005-12314796795B}"
EndProject
Project("{FAE04EC0-301F-11D3-BF4B-00C04F79EFBC}") = "10. TestCustomer", "10. TestCustomer\10. TestCustomer.csproj", "{8DAEF05F-9E03-4651-9227-DFA36CB2DF52}"
EndProject
Project("{FAE04EC0-301F-11D3-BF4B-00C04F79EFBC}") = "11. PersonConstructor", "11. PersonConstructor\11. PersonConstructor.csproj", "{E3A52D6B-B8DC-455A-8AE2-C780B4CB5D14}"
EndProject
Project("{FAE04EC0-301F-11D3-BF4B-00C04F79EFBC}") = "12. RawData", "12. RawData\12. RawData.csproj", "{2FF147A2-9BD0-40E2-A195-ABA689B15964}"
EndProject
Project("{FAE04EC0-301F-11D3-BF4B-00C04F79EFBC}") = "13. CarTrips", "13. CarTrips\13. CarTrips.csproj", "{B299BCCB-BDDC-4359-B43F-79FFA01702A4}"
EndProject
Project("{FAE04EC0-301F-11D3-BF4B-00C04F79EFBC}") = "14. RectangleOverlap", "14. RectangleOverlap\14. RectangleOverlap.csproj", "{997FDA0A-B538-46EB-AE92-8DE34C82BCBE}"
EndProject
Project("{FAE04EC0-301F-11D3-BF4B-00C04F79EFBC}") = "15. CarSalesman", "15. CarSalesman\15. CarSalesman.csproj", "{2CE117FA-A2D9-464F-BA78-056C08FBADFB}"
EndProject
Project("{FAE04EC0-301F-11D3-BF4B-00C04F79EFBC}") = "16. PokemonTrainer", "16. PokemonTrainer\16. PokemonTrainer.csproj", "{533914D1-8A40-4ED9-8B5E-5A2D4C03F973}"
EndProject
Project("{FAE04EC0-301F-11D3-BF4B-00C04F79EFBC}") = "17. Google", "17. Google\17. Google.csproj", "{9D8C5354-F1AB-4006-AC70-4C0CEE9E32E7}"
EndProject
Global
	GlobalSection(SolutionConfigurationPlatforms) = preSolution
		Debug|Any CPU = Debug|Any CPU
		Release|Any CPU = Release|Any CPU
	EndGlobalSection
	GlobalSection(ProjectConfigurationPlatforms) = postSolution
		{946061B5-AD69-4A2D-820E-270D98946D68}.Debug|Any CPU.ActiveCfg = Debug|Any CPU
		{946061B5-AD69-4A2D-820E-270D98946D68}.Debug|Any CPU.Build.0 = Debug|Any CPU
		{946061B5-AD69-4A2D-820E-270D98946D68}.Release|Any CPU.ActiveCfg = Release|Any CPU
		{946061B5-AD69-4A2D-820E-270D98946D68}.Release|Any CPU.Build.0 = Release|Any CPU
		{AE5FAEC2-EA5A-4910-9B80-FE27689E2D64}.Debug|Any CPU.ActiveCfg = Debug|Any CPU
		{AE5FAEC2-EA5A-4910-9B80-FE27689E2D64}.Debug|Any CPU.Build.0 = Debug|Any CPU
		{AE5FAEC2-EA5A-4910-9B80-FE27689E2D64}.Release|Any CPU.ActiveCfg = Release|Any CPU
		{AE5FAEC2-EA5A-4910-9B80-FE27689E2D64}.Release|Any CPU.Build.0 = Release|Any CPU
		{CBCE0E73-448A-48BA-80A7-10D88520AC79}.Debug|Any CPU.ActiveCfg = Debug|Any CPU
		{CBCE0E73-448A-48BA-80A7-10D88520AC79}.Debug|Any CPU.Build.0 = Debug|Any CPU
		{CBCE0E73-448A-48BA-80A7-10D88520AC79}.Release|Any CPU.ActiveCfg = Release|Any CPU
		{CBCE0E73-448A-48BA-80A7-10D88520AC79}.Release|Any CPU.Build.0 = Release|Any CPU
		{02345D98-26E4-4E0D-82EA-3F0116147F5B}.Debug|Any CPU.ActiveCfg = Debug|Any CPU
		{02345D98-26E4-4E0D-82EA-3F0116147F5B}.Debug|Any CPU.Build.0 = Debug|Any CPU
		{02345D98-26E4-4E0D-82EA-3F0116147F5B}.Release|Any CPU.ActiveCfg = Release|Any CPU
		{02345D98-26E4-4E0D-82EA-3F0116147F5B}.Release|Any CPU.Build.0 = Release|Any CPU
		{D26C08F2-A163-4E08-994E-74BCB0B3192E}.Debug|Any CPU.ActiveCfg = Debug|Any CPU
		{D26C08F2-A163-4E08-994E-74BCB0B3192E}.Debug|Any CPU.Build.0 = Debug|Any CPU
		{D26C08F2-A163-4E08-994E-74BCB0B3192E}.Release|Any CPU.ActiveCfg = Release|Any CPU
		{D26C08F2-A163-4E08-994E-74BCB0B3192E}.Release|Any CPU.Build.0 = Release|Any CPU
		{C662D77A-E811-4257-B93C-8F74EBFDD564}.Debug|Any CPU.ActiveCfg = Debug|Any CPU
		{C662D77A-E811-4257-B93C-8F74EBFDD564}.Debug|Any CPU.Build.0 = Debug|Any CPU
		{C662D77A-E811-4257-B93C-8F74EBFDD564}.Release|Any CPU.ActiveCfg = Release|Any CPU
		{C662D77A-E811-4257-B93C-8F74EBFDD564}.Release|Any CPU.Build.0 = Release|Any CPU
		{EA6E7926-424F-4ABD-A85C-A21FC316EFEB}.Debug|Any CPU.ActiveCfg = Debug|Any CPU
		{EA6E7926-424F-4ABD-A85C-A21FC316EFEB}.Debug|Any CPU.Build.0 = Debug|Any CPU
		{EA6E7926-424F-4ABD-A85C-A21FC316EFEB}.Release|Any CPU.ActiveCfg = Release|Any CPU
		{EA6E7926-424F-4ABD-A85C-A21FC316EFEB}.Release|Any CPU.Build.0 = Release|Any CPU
		{1BE3B296-A4DA-4B30-8A3E-15C9573A10CA}.Debug|Any CPU.ActiveCfg = Debug|Any CPU
		{1BE3B296-A4DA-4B30-8A3E-15C9573A10CA}.Debug|Any CPU.Build.0 = Debug|Any CPU
		{1BE3B296-A4DA-4B30-8A3E-15C9573A10CA}.Release|Any CPU.ActiveCfg = Release|Any CPU
		{1BE3B296-A4DA-4B30-8A3E-15C9573A10CA}.Release|Any CPU.Build.0 = Release|Any CPU
		{40B66F3D-5AA7-4B04-B005-12314796795B}.Debug|Any CPU.ActiveCfg = Debug|Any CPU
		{40B66F3D-5AA7-4B04-B005-12314796795B}.Debug|Any CPU.Build.0 = Debug|Any CPU
		{40B66F3D-5AA7-4B04-B005-12314796795B}.Release|Any CPU.ActiveCfg = Release|Any CPU
		{40B66F3D-5AA7-4B04-B005-12314796795B}.Release|Any CPU.Build.0 = Release|Any CPU
		{8DAEF05F-9E03-4651-9227-DFA36CB2DF52}.Debug|Any CPU.ActiveCfg = Debug|Any CPU
		{8DAEF05F-9E03-4651-9227-DFA36CB2DF52}.Debug|Any CPU.Build.0 = Debug|Any CPU
		{8DAEF05F-9E03-4651-9227-DFA36CB2DF52}.Release|Any CPU.ActiveCfg = Release|Any CPU
		{8DAEF05F-9E03-4651-9227-DFA36CB2DF52}.Release|Any CPU.Build.0 = Release|Any CPU
		{E3A52D6B-B8DC-455A-8AE2-C780B4CB5D14}.Debug|Any CPU.ActiveCfg = Debug|Any CPU
		{E3A52D6B-B8DC-455A-8AE2-C780B4CB5D14}.Debug|Any CPU.Build.0 = Debug|Any CPU
		{E3A52D6B-B8DC-455A-8AE2-C780B4CB5D14}.Release|Any CPU.ActiveCfg = Release|Any CPU
		{E3A52D6B-B8DC-455A-8AE2-C780B4CB5D14}.Release|Any CPU.Build.0 = Release|Any CPU
		{2FF147A2-9BD0-40E2-A195-ABA689B15964}.Debug|Any CPU.ActiveCfg = Debug|Any CPU
		{2FF147A2-9BD0-40E2-A195-ABA689B15964}.Debug|Any CPU.Build.0 = Debug|Any CPU
		{2FF147A2-9BD0-40E2-A195-ABA689B15964}.Release|Any CPU.ActiveCfg = Release|Any CPU
		{2FF147A2-9BD0-40E2-A195-ABA689B15964}.Release|Any CPU.Build.0 = Release|Any CPU
		{B299BCCB-BDDC-4359-B43F-79FFA01702A4}.Debug|Any CPU.ActiveCfg = Debug|Any CPU
		{B299BCCB-BDDC-4359-B43F-79FFA01702A4}.Debug|Any CPU.Build.0 = Debug|Any CPU
		{B299BCCB-BDDC-4359-B43F-79FFA01702A4}.Release|Any CPU.ActiveCfg = Release|Any CPU
		{B299BCCB-BDDC-4359-B43F-79FFA01702A4}.Release|Any CPU.Build.0 = Release|Any CPU
		{997FDA0A-B538-46EB-AE92-8DE34C82BCBE}.Debug|Any CPU.ActiveCfg = Debug|Any CPU
		{997FDA0A-B538-46EB-AE92-8DE34C82BCBE}.Debug|Any CPU.Build.0 = Debug|Any CPU
		{997FDA0A-B538-46EB-AE92-8DE34C82BCBE}.Release|Any CPU.ActiveCfg = Release|Any CPU
		{997FDA0A-B538-46EB-AE92-8DE34C82BCBE}.Release|Any CPU.Build.0 = Release|Any CPU
		{2CE117FA-A2D9-464F-BA78-056C08FBADFB}.Debug|Any CPU.ActiveCfg = Debug|Any CPU
		{2CE117FA-A2D9-464F-BA78-056C08FBADFB}.Debug|Any CPU.Build.0 = Debug|Any CPU
		{2CE117FA-A2D9-464F-BA78-056C08FBADFB}.Release|Any CPU.ActiveCfg = Release|Any CPU
		{2CE117FA-A2D9-464F-BA78-056C08FBADFB}.Release|Any CPU.Build.0 = Release|Any CPU
		{533914D1-8A40-4ED9-8B5E-5A2D4C03F973}.Debug|Any CPU.ActiveCfg = Debug|Any CPU
		{533914D1-8A40-4ED9-8B5E-5A2D4C03F973}.Debug|Any CPU.Build.0 = Debug|Any CPU
		{533914D1-8A40-4ED9-8B5E-5A2D4C03F973}.Release|Any CPU.ActiveCfg = Release|Any CPU
		{533914D1-8A40-4ED9-8B5E-5A2D4C03F973}.Release|Any CPU.Build.0 = Release|Any CPU
		{9D8C5354-F1AB-4006-AC70-4C0CEE9E32E7}.Debug|Any CPU.ActiveCfg = Debug|Any CPU
		{9D8C5354-F1AB-4006-AC70-4C0CEE9E32E7}.Debug|Any CPU.Build.0 = Debug|Any CPU
		{9D8C5354-F1AB-4006-AC70-4C0CEE9E32E7}.Release|Any CPU.ActiveCfg = Release|Any CPU
		{9D8C5354-F1AB-4006-AC70-4C0CEE9E32E7}.Release|Any CPU.Build.0 = Release|Any CPU
	EndGlobalSection
	GlobalSection(SolutionProperties) = preSolution
		HideSolutionNode = FALSE
	EndGlobalSection
	GlobalSection(ExtensibilityGlobals) = postSolution
		SolutionGuid = {812D11EF-7418-4082-B5CC-7C58729BF2A6}
	EndGlobalSection
EndGlobal
