
Microsoft Visual Studio Solution File, Format Version 12.00
# Visual Studio Version 16
VisualStudioVersion = 16.0.31410.357
MinimumVisualStudioVersion = 10.0.40219.1
Project("{FAE04EC0-301F-11D3-BF4B-00C04F79EFBC}") = "01. SelectionSort", "01. SelectionSort\01. SelectionSort.csproj", "{C8413A8C-273D-45F2-8F1B-0F45EE07EEBB}"
EndProject
Project("{FAE04EC0-301F-11D3-BF4B-00C04F79EFBC}") = "02. EntranceSorting", "02. EntranceSorting\02. EntranceSorting.csproj", "{28B55AA2-FE72-44A7-90C8-537C7FD892F5}"
EndProject
Project("{FAE04EC0-301F-11D3-BF4B-00C04F79EFBC}") = "03. PEStudents", "03. PEStudents\03. PEStudents.csproj", "{251AF881-4C0A-4371-9602-1B3054CC672F}"
EndProject
Project("{FAE04EC0-301F-11D3-BF4B-00C04F79EFBC}") = "04. CrossRunning", "04. CrossRunning\04. CrossRunning.csproj", "{2328D5A7-C5F8-42E6-B0E8-3FF6B27453DA}"
EndProject
Global
	GlobalSection(SolutionConfigurationPlatforms) = preSolution
		Debug|Any CPU = Debug|Any CPU
		Release|Any CPU = Release|Any CPU
	EndGlobalSection
	GlobalSection(ProjectConfigurationPlatforms) = postSolution
		{C8413A8C-273D-45F2-8F1B-0F45EE07EEBB}.Debug|Any CPU.ActiveCfg = Debug|Any CPU
		{C8413A8C-273D-45F2-8F1B-0F45EE07EEBB}.Debug|Any CPU.Build.0 = Debug|Any CPU
		{C8413A8C-273D-45F2-8F1B-0F45EE07EEBB}.Release|Any CPU.ActiveCfg = Release|Any CPU
		{C8413A8C-273D-45F2-8F1B-0F45EE07EEBB}.Release|Any CPU.Build.0 = Release|Any CPU
		{28B55AA2-FE72-44A7-90C8-537C7FD892F5}.Debug|Any CPU.ActiveCfg = Debug|Any CPU
		{28B55AA2-FE72-44A7-90C8-537C7FD892F5}.Debug|Any CPU.Build.0 = Debug|Any CPU
		{28B55AA2-FE72-44A7-90C8-537C7FD892F5}.Release|Any CPU.ActiveCfg = Release|Any CPU
		{28B55AA2-FE72-44A7-90C8-537C7FD892F5}.Release|Any CPU.Build.0 = Release|Any CPU
		{251AF881-4C0A-4371-9602-1B3054CC672F}.Debug|Any CPU.ActiveCfg = Debug|Any CPU
		{251AF881-4C0A-4371-9602-1B3054CC672F}.Debug|Any CPU.Build.0 = Debug|Any CPU
		{251AF881-4C0A-4371-9602-1B3054CC672F}.Release|Any CPU.ActiveCfg = Release|Any CPU
		{251AF881-4C0A-4371-9602-1B3054CC672F}.Release|Any CPU.Build.0 = Release|Any CPU
		{2328D5A7-C5F8-42E6-B0E8-3FF6B27453DA}.Debug|Any CPU.ActiveCfg = Debug|Any CPU
		{2328D5A7-C5F8-42E6-B0E8-3FF6B27453DA}.Debug|Any CPU.Build.0 = Debug|Any CPU
		{2328D5A7-C5F8-42E6-B0E8-3FF6B27453DA}.Release|Any CPU.ActiveCfg = Release|Any CPU
		{2328D5A7-C5F8-42E6-B0E8-3FF6B27453DA}.Release|Any CPU.Build.0 = Release|Any CPU
	EndGlobalSection
	GlobalSection(SolutionProperties) = preSolution
		HideSolutionNode = FALSE
	EndGlobalSection
	GlobalSection(ExtensibilityGlobals) = postSolution
		SolutionGuid = {EAF5E429-307E-46A0-A6A4-52F25617EA05}
	EndGlobalSection
EndGlobal
