
Microsoft Visual Studio Solution File, Format Version 12.00
# Visual Studio Version 16
VisualStudioVersion = 16.0.31424.327
MinimumVisualStudioVersion = 10.0.40219.1
Project("{FAE04EC0-301F-11D3-BF4B-00C04F79EFBC}") = "01. LinearSearch", "01. LinearSearch\01. LinearSearch.csproj", "{F7CF37BA-4DB1-40FE-8CF8-082EB84B7578}"
EndProject
Project("{FAE04EC0-301F-11D3-BF4B-00C04F79EFBC}") = "02. BinarySearch", "02. BinarySearch\02. BinarySearch.csproj", "{0B604F32-30A2-4868-85A1-BF98E9B1F554}"
EndProject
Global
	GlobalSection(SolutionConfigurationPlatforms) = preSolution
		Debug|Any CPU = Debug|Any CPU
		Release|Any CPU = Release|Any CPU
	EndGlobalSection
	GlobalSection(ProjectConfigurationPlatforms) = postSolution
		{F7CF37BA-4DB1-40FE-8CF8-082EB84B7578}.Debug|Any CPU.ActiveCfg = Debug|Any CPU
		{F7CF37BA-4DB1-40FE-8CF8-082EB84B7578}.Debug|Any CPU.Build.0 = Debug|Any CPU
		{F7CF37BA-4DB1-40FE-8CF8-082EB84B7578}.Release|Any CPU.ActiveCfg = Release|Any CPU
		{F7CF37BA-4DB1-40FE-8CF8-082EB84B7578}.Release|Any CPU.Build.0 = Release|Any CPU
		{0B604F32-30A2-4868-85A1-BF98E9B1F554}.Debug|Any CPU.ActiveCfg = Debug|Any CPU
		{0B604F32-30A2-4868-85A1-BF98E9B1F554}.Debug|Any CPU.Build.0 = Debug|Any CPU
		{0B604F32-30A2-4868-85A1-BF98E9B1F554}.Release|Any CPU.ActiveCfg = Release|Any CPU
		{0B604F32-30A2-4868-85A1-BF98E9B1F554}.Release|Any CPU.Build.0 = Release|Any CPU
	EndGlobalSection
	GlobalSection(SolutionProperties) = preSolution
		HideSolutionNode = FALSE
	EndGlobalSection
	GlobalSection(ExtensibilityGlobals) = postSolution
		SolutionGuid = {0B1D8AC1-2A43-4DEE-BA9D-0E788956961B}
	EndGlobalSection
EndGlobal
