
Microsoft Visual Studio Solution File, Format Version 12.00
# Visual Studio Version 17
VisualStudioVersion = 17.3.32819.101
MinimumVisualStudioVersion = 10.0.40219.1
Project("{FAE04EC0-301F-11D3-BF4B-00C04F79EFBC}") = "01. GenerateVectors", "01. GenerateVectors\01. GenerateVectors.csproj", "{CC038767-1950-42D9-B6DE-D7C7A9601E14}"
EndProject
Global
	GlobalSection(SolutionConfigurationPlatforms) = preSolution
		Debug|Any CPU = Debug|Any CPU
		Release|Any CPU = Release|Any CPU
	EndGlobalSection
	GlobalSection(ProjectConfigurationPlatforms) = postSolution
		{CC038767-1950-42D9-B6DE-D7C7A9601E14}.Debug|Any CPU.ActiveCfg = Debug|Any CPU
		{CC038767-1950-42D9-B6DE-D7C7A9601E14}.Debug|Any CPU.Build.0 = Debug|Any CPU
		{CC038767-1950-42D9-B6DE-D7C7A9601E14}.Release|Any CPU.ActiveCfg = Release|Any CPU
		{CC038767-1950-42D9-B6DE-D7C7A9601E14}.Release|Any CPU.Build.0 = Release|Any CPU
	EndGlobalSection
	GlobalSection(SolutionProperties) = preSolution
		HideSolutionNode = FALSE
	EndGlobalSection
	GlobalSection(ExtensibilityGlobals) = postSolution
		SolutionGuid = {FBE6564F-245E-4EC9-B9B5-2518AF184463}
	EndGlobalSection
EndGlobal
