
Microsoft Visual Studio Solution File, Format Version 12.00
# Visual Studio Version 16
VisualStudioVersion = 16.0.31005.135
MinimumVisualStudioVersion = 10.0.40219.1
Project("{FAE04EC0-301F-11D3-BF4B-00C04F79EFBC}") = "01. ArrayStats", "01. ArrayStats\01. ArrayStats.csproj", "{B5987407-E109-4F9A-997C-EF26AF4B4F7E}"
EndProject
Project("{FAE04EC0-301F-11D3-BF4B-00C04F79EFBC}") = "02. MostCommonNumber", "02. MostCommonNumber\02. MostCommonNumber.csproj", "{44D33ABE-243A-491F-AC96-FB913988DA53}"
EndProject
Project("{FAE04EC0-301F-11D3-BF4B-00C04F79EFBC}") = "03. LetterIndex", "03. LetterIndex\03. LetterIndex.csproj", "{92F3EBB2-DBA4-497D-9AE7-3AC8EA1BB9C7}"
EndProject
Project("{FAE04EC0-301F-11D3-BF4B-00C04F79EFBC}") = "04. ArrayToNumber", "04. ArrayToNumber\04. ArrayToNumber.csproj", "{A0442E73-744A-4761-9145-60D8329B9FB2}"
EndProject
Project("{FAE04EC0-301F-11D3-BF4B-00C04F79EFBC}") = "05. ReverseArrayElements", "05. ReverseArrayElements\05. ReverseArrayElements.csproj", "{950D932E-D0E9-41A4-B811-BF15BFB82301}"
EndProject
Project("{FAE04EC0-301F-11D3-BF4B-00C04F79EFBC}") = "06. ReverseStringArray", "06. ReverseStringArray\06. ReverseStringArray.csproj", "{9553242B-371B-4BFA-AC74-16FC23675AFE}"
EndProject
Project("{FAE04EC0-301F-11D3-BF4B-00C04F79EFBC}") = "07. RotateAndSum", "07. RotateAndSum\07. RotateAndSum.csproj", "{46F39555-C15A-41B8-88AC-6F6A1CE50E32}"
EndProject
Project("{FAE04EC0-301F-11D3-BF4B-00C04F79EFBC}") = "08. FoldAndSum", "08. FoldAndSum\08. FoldAndSum.csproj", "{D63DB3D7-F626-4C4B-A622-AD732D84A761}"
EndProject
Project("{FAE04EC0-301F-11D3-BF4B-00C04F79EFBC}") = "09. ArrayOperations", "09. ArrayOperations\09. ArrayOperations.csproj", "{11274ABC-0C51-4A1E-B307-BF2971DA48D3}"
EndProject
Project("{FAE04EC0-301F-11D3-BF4B-00C04F79EFBC}") = "10. SafeArrayOperations", "10. SafeArrayOperations\10. SafeArrayOperations.csproj", "{1ED9E84B-A5B6-42DE-99B3-19C95A587AEF}"
EndProject
Project("{FAE04EC0-301F-11D3-BF4B-00C04F79EFBC}") = "11. SumOfLastKDigits", "11. SumOfLastKDigits\11. SumOfLastKDigits.csproj", "{064DE2A3-BCED-483E-8160-846507CFD7D3}"
EndProject
Project("{FAE04EC0-301F-11D3-BF4B-00C04F79EFBC}") = "12. GetMiddleElements", "12. GetMiddleElements\12. GetMiddleElements.csproj", "{AB9049D2-4CF7-46FF-8EC6-1A39BC294CF6}"
EndProject
Project("{FAE04EC0-301F-11D3-BF4B-00C04F79EFBC}") = "13. Warehouse", "13. Warehouse\13. Warehouse.csproj", "{7B77ADE7-E79B-4D81-9D0A-7B58DB2A5B17}"
EndProject
Project("{FAE04EC0-301F-11D3-BF4B-00C04F79EFBC}") = "14. UpdatedWarehouse", "14. UpdatedWarehouse\14. UpdatedWarehouse.csproj", "{0941E5D4-E7F0-4D3A-BF77-5A4EA94FB814}"
EndProject
Project("{FAE04EC0-301F-11D3-BF4B-00C04F79EFBC}") = "15. CompareCharArrays", "15. CompareCharArrays\15. CompareCharArrays.csproj", "{E0D5BED4-60C4-4C5D-B9AB-E53A42CD5F57}"
EndProject
Project("{FAE04EC0-301F-11D3-BF4B-00C04F79EFBC}") = "16. InsertSortedElement", "16. InsertSortedElement\16. InsertSortedElement.csproj", "{01118849-B046-4E81-AE40-3B9F645B250C}"
EndProject
Project("{FAE04EC0-301F-11D3-BF4B-00C04F79EFBC}") = "17. SearchForElementInSortedArray", "17. SearchForElementInSortedArray\17. SearchForElementInSortedArray.csproj", "{D6BDD64E-D46F-4CD4-9613-CB59965B4BE8}"
EndProject
Project("{FAE04EC0-301F-11D3-BF4B-00C04F79EFBC}") = "18. MergeSortedArrays", "18. MergeSortedArrays\18. MergeSortedArrays.csproj", "{FA9B4DD5-04AB-4EC8-A6DE-C0A2E82C2AF8}"
EndProject
Project("{FAE04EC0-301F-11D3-BF4B-00C04F79EFBC}") = "19. Sorting", "19. Sorting\19. Sorting.csproj", "{0C55D37D-1B9F-4117-80C7-FC235C753BA6}"
EndProject
Project("{FAE04EC0-301F-11D3-BF4B-00C04F79EFBC}") = "20. ListInputConsole", "20. ListInputConsole\20. ListInputConsole.csproj", "{BE12B40C-0500-4FA5-95B6-A3987A3F44A8}"
EndProject
Project("{FAE04EC0-301F-11D3-BF4B-00C04F79EFBC}") = "21. ListInputOneLine", "21. ListInputOneLine\21. ListInputOneLine.csproj", "{34D489F8-3257-49F6-80C2-C10A2F2A3AAE}"
EndProject
Project("{FAE04EC0-301F-11D3-BF4B-00C04F79EFBC}") = "22. ListOfNames", "22. ListOfNames\22. ListOfNames.csproj", "{886FFF94-6D74-4B32-A8C2-204E846C5642}"
EndProject
Project("{FAE04EC0-301F-11D3-BF4B-00C04F79EFBC}") = "23. ListOfNames2", "23. ListOfNames2\23. ListOfNames2.csproj", "{EADDB235-0ED6-43FE-8628-2B9C07622EFB}"
EndProject
Project("{FAE04EC0-301F-11D3-BF4B-00C04F79EFBC}") = "24. EvenNumberList", "24. EvenNumberList\24. EvenNumberList.csproj", "{1BC65231-25C8-47D0-A505-97256FA988CF}"
EndProject
Project("{FAE04EC0-301F-11D3-BF4B-00C04F79EFBC}") = "25. MinMaxList", "25. MinMaxList\25. MinMaxList.csproj", "{131807F2-0744-4DE1-BA7F-4B99F9C368D4}"
EndProject
Project("{FAE04EC0-301F-11D3-BF4B-00C04F79EFBC}") = "26. MaxRepeatingNumbers", "26. MaxRepeatingNumbers\26. MaxRepeatingNumbers.csproj", "{00B88F3A-8F17-4100-8994-80BCBD7F811E}"
EndProject
Project("{FAE04EC0-301F-11D3-BF4B-00C04F79EFBC}") = "27. FlippedNumberSum", "27. FlippedNumberSum\27. FlippedNumberSum.csproj", "{EFFA13AF-F6DD-4743-BDA2-1408BB1E5A6E}"
EndProject
Project("{FAE04EC0-301F-11D3-BF4B-00C04F79EFBC}") = "28. RemoveNumber", "28. RemoveNumber\28. RemoveNumber.csproj", "{2509EC25-6675-4535-B7AC-8430FF9BFB22}"
EndProject
Project("{FAE04EC0-301F-11D3-BF4B-00C04F79EFBC}") = "29. RemoveNegativeNumbers", "29. RemoveNegativeNumbers\29. RemoveNegativeNumbers.csproj", "{622B7C79-5942-4B42-AA6D-0E5EF1727742}"
EndProject
Project("{FAE04EC0-301F-11D3-BF4B-00C04F79EFBC}") = "30. MergeLists", "30. MergeLists\30. MergeLists.csproj", "{69944B7E-2D2D-416A-A8D3-72F7763E426B}"
EndProject
Project("{FAE04EC0-301F-11D3-BF4B-00C04F79EFBC}") = "31. Bombs", "31. Bombs\31. Bombs.csproj", "{030F4005-C7D3-4921-ABAD-C8A9330CA045}"
EndProject
Project("{FAE04EC0-301F-11D3-BF4B-00C04F79EFBC}") = "32. NumberSorting", "32. NumberSorting\32. NumberSorting.csproj", "{D248CF6A-D813-4624-99AE-961B87F212C5}"
EndProject
Project("{FAE04EC0-301F-11D3-BF4B-00C04F79EFBC}") = "33. SquaredNumbers", "33. SquaredNumbers\33. SquaredNumbers.csproj", "{8BFBDC07-CB50-4CAD-B7C8-E7C54F9B2AA2}"
EndProject
Project("{FAE04EC0-301F-11D3-BF4B-00C04F79EFBC}") = "34. NumberCount", "34. NumberCount\34. NumberCount.csproj", "{9FD3D544-E225-4C8A-9278-DFCFCF29F249}"
EndProject
Global
	GlobalSection(SolutionConfigurationPlatforms) = preSolution
		Debug|Any CPU = Debug|Any CPU
		Release|Any CPU = Release|Any CPU
	EndGlobalSection
	GlobalSection(ProjectConfigurationPlatforms) = postSolution
		{B5987407-E109-4F9A-997C-EF26AF4B4F7E}.Debug|Any CPU.ActiveCfg = Debug|Any CPU
		{B5987407-E109-4F9A-997C-EF26AF4B4F7E}.Debug|Any CPU.Build.0 = Debug|Any CPU
		{B5987407-E109-4F9A-997C-EF26AF4B4F7E}.Release|Any CPU.ActiveCfg = Release|Any CPU
		{B5987407-E109-4F9A-997C-EF26AF4B4F7E}.Release|Any CPU.Build.0 = Release|Any CPU
		{44D33ABE-243A-491F-AC96-FB913988DA53}.Debug|Any CPU.ActiveCfg = Debug|Any CPU
		{44D33ABE-243A-491F-AC96-FB913988DA53}.Debug|Any CPU.Build.0 = Debug|Any CPU
		{44D33ABE-243A-491F-AC96-FB913988DA53}.Release|Any CPU.ActiveCfg = Release|Any CPU
		{44D33ABE-243A-491F-AC96-FB913988DA53}.Release|Any CPU.Build.0 = Release|Any CPU
		{92F3EBB2-DBA4-497D-9AE7-3AC8EA1BB9C7}.Debug|Any CPU.ActiveCfg = Debug|Any CPU
		{92F3EBB2-DBA4-497D-9AE7-3AC8EA1BB9C7}.Debug|Any CPU.Build.0 = Debug|Any CPU
		{92F3EBB2-DBA4-497D-9AE7-3AC8EA1BB9C7}.Release|Any CPU.ActiveCfg = Release|Any CPU
		{92F3EBB2-DBA4-497D-9AE7-3AC8EA1BB9C7}.Release|Any CPU.Build.0 = Release|Any CPU
		{A0442E73-744A-4761-9145-60D8329B9FB2}.Debug|Any CPU.ActiveCfg = Debug|Any CPU
		{A0442E73-744A-4761-9145-60D8329B9FB2}.Debug|Any CPU.Build.0 = Debug|Any CPU
		{A0442E73-744A-4761-9145-60D8329B9FB2}.Release|Any CPU.ActiveCfg = Release|Any CPU
		{A0442E73-744A-4761-9145-60D8329B9FB2}.Release|Any CPU.Build.0 = Release|Any CPU
		{950D932E-D0E9-41A4-B811-BF15BFB82301}.Debug|Any CPU.ActiveCfg = Debug|Any CPU
		{950D932E-D0E9-41A4-B811-BF15BFB82301}.Debug|Any CPU.Build.0 = Debug|Any CPU
		{950D932E-D0E9-41A4-B811-BF15BFB82301}.Release|Any CPU.ActiveCfg = Release|Any CPU
		{950D932E-D0E9-41A4-B811-BF15BFB82301}.Release|Any CPU.Build.0 = Release|Any CPU
		{9553242B-371B-4BFA-AC74-16FC23675AFE}.Debug|Any CPU.ActiveCfg = Debug|Any CPU
		{9553242B-371B-4BFA-AC74-16FC23675AFE}.Debug|Any CPU.Build.0 = Debug|Any CPU
		{9553242B-371B-4BFA-AC74-16FC23675AFE}.Release|Any CPU.ActiveCfg = Release|Any CPU
		{9553242B-371B-4BFA-AC74-16FC23675AFE}.Release|Any CPU.Build.0 = Release|Any CPU
		{46F39555-C15A-41B8-88AC-6F6A1CE50E32}.Debug|Any CPU.ActiveCfg = Debug|Any CPU
		{46F39555-C15A-41B8-88AC-6F6A1CE50E32}.Debug|Any CPU.Build.0 = Debug|Any CPU
		{46F39555-C15A-41B8-88AC-6F6A1CE50E32}.Release|Any CPU.ActiveCfg = Release|Any CPU
		{46F39555-C15A-41B8-88AC-6F6A1CE50E32}.Release|Any CPU.Build.0 = Release|Any CPU
		{D63DB3D7-F626-4C4B-A622-AD732D84A761}.Debug|Any CPU.ActiveCfg = Debug|Any CPU
		{D63DB3D7-F626-4C4B-A622-AD732D84A761}.Debug|Any CPU.Build.0 = Debug|Any CPU
		{D63DB3D7-F626-4C4B-A622-AD732D84A761}.Release|Any CPU.ActiveCfg = Release|Any CPU
		{D63DB3D7-F626-4C4B-A622-AD732D84A761}.Release|Any CPU.Build.0 = Release|Any CPU
		{11274ABC-0C51-4A1E-B307-BF2971DA48D3}.Debug|Any CPU.ActiveCfg = Debug|Any CPU
		{11274ABC-0C51-4A1E-B307-BF2971DA48D3}.Debug|Any CPU.Build.0 = Debug|Any CPU
		{11274ABC-0C51-4A1E-B307-BF2971DA48D3}.Release|Any CPU.ActiveCfg = Release|Any CPU
		{11274ABC-0C51-4A1E-B307-BF2971DA48D3}.Release|Any CPU.Build.0 = Release|Any CPU
		{1ED9E84B-A5B6-42DE-99B3-19C95A587AEF}.Debug|Any CPU.ActiveCfg = Debug|Any CPU
		{1ED9E84B-A5B6-42DE-99B3-19C95A587AEF}.Debug|Any CPU.Build.0 = Debug|Any CPU
		{1ED9E84B-A5B6-42DE-99B3-19C95A587AEF}.Release|Any CPU.ActiveCfg = Release|Any CPU
		{1ED9E84B-A5B6-42DE-99B3-19C95A587AEF}.Release|Any CPU.Build.0 = Release|Any CPU
		{064DE2A3-BCED-483E-8160-846507CFD7D3}.Debug|Any CPU.ActiveCfg = Debug|Any CPU
		{064DE2A3-BCED-483E-8160-846507CFD7D3}.Debug|Any CPU.Build.0 = Debug|Any CPU
		{064DE2A3-BCED-483E-8160-846507CFD7D3}.Release|Any CPU.ActiveCfg = Release|Any CPU
		{064DE2A3-BCED-483E-8160-846507CFD7D3}.Release|Any CPU.Build.0 = Release|Any CPU
		{AB9049D2-4CF7-46FF-8EC6-1A39BC294CF6}.Debug|Any CPU.ActiveCfg = Debug|Any CPU
		{AB9049D2-4CF7-46FF-8EC6-1A39BC294CF6}.Debug|Any CPU.Build.0 = Debug|Any CPU
		{AB9049D2-4CF7-46FF-8EC6-1A39BC294CF6}.Release|Any CPU.ActiveCfg = Release|Any CPU
		{AB9049D2-4CF7-46FF-8EC6-1A39BC294CF6}.Release|Any CPU.Build.0 = Release|Any CPU
		{7B77ADE7-E79B-4D81-9D0A-7B58DB2A5B17}.Debug|Any CPU.ActiveCfg = Debug|Any CPU
		{7B77ADE7-E79B-4D81-9D0A-7B58DB2A5B17}.Debug|Any CPU.Build.0 = Debug|Any CPU
		{7B77ADE7-E79B-4D81-9D0A-7B58DB2A5B17}.Release|Any CPU.ActiveCfg = Release|Any CPU
		{7B77ADE7-E79B-4D81-9D0A-7B58DB2A5B17}.Release|Any CPU.Build.0 = Release|Any CPU
		{0941E5D4-E7F0-4D3A-BF77-5A4EA94FB814}.Debug|Any CPU.ActiveCfg = Debug|Any CPU
		{0941E5D4-E7F0-4D3A-BF77-5A4EA94FB814}.Debug|Any CPU.Build.0 = Debug|Any CPU
		{0941E5D4-E7F0-4D3A-BF77-5A4EA94FB814}.Release|Any CPU.ActiveCfg = Release|Any CPU
		{0941E5D4-E7F0-4D3A-BF77-5A4EA94FB814}.Release|Any CPU.Build.0 = Release|Any CPU
		{E0D5BED4-60C4-4C5D-B9AB-E53A42CD5F57}.Debug|Any CPU.ActiveCfg = Debug|Any CPU
		{E0D5BED4-60C4-4C5D-B9AB-E53A42CD5F57}.Debug|Any CPU.Build.0 = Debug|Any CPU
		{E0D5BED4-60C4-4C5D-B9AB-E53A42CD5F57}.Release|Any CPU.ActiveCfg = Release|Any CPU
		{E0D5BED4-60C4-4C5D-B9AB-E53A42CD5F57}.Release|Any CPU.Build.0 = Release|Any CPU
		{01118849-B046-4E81-AE40-3B9F645B250C}.Debug|Any CPU.ActiveCfg = Debug|Any CPU
		{01118849-B046-4E81-AE40-3B9F645B250C}.Debug|Any CPU.Build.0 = Debug|Any CPU
		{01118849-B046-4E81-AE40-3B9F645B250C}.Release|Any CPU.ActiveCfg = Release|Any CPU
		{01118849-B046-4E81-AE40-3B9F645B250C}.Release|Any CPU.Build.0 = Release|Any CPU
		{D6BDD64E-D46F-4CD4-9613-CB59965B4BE8}.Debug|Any CPU.ActiveCfg = Debug|Any CPU
		{D6BDD64E-D46F-4CD4-9613-CB59965B4BE8}.Debug|Any CPU.Build.0 = Debug|Any CPU
		{D6BDD64E-D46F-4CD4-9613-CB59965B4BE8}.Release|Any CPU.ActiveCfg = Release|Any CPU
		{D6BDD64E-D46F-4CD4-9613-CB59965B4BE8}.Release|Any CPU.Build.0 = Release|Any CPU
		{FA9B4DD5-04AB-4EC8-A6DE-C0A2E82C2AF8}.Debug|Any CPU.ActiveCfg = Debug|Any CPU
		{FA9B4DD5-04AB-4EC8-A6DE-C0A2E82C2AF8}.Debug|Any CPU.Build.0 = Debug|Any CPU
		{FA9B4DD5-04AB-4EC8-A6DE-C0A2E82C2AF8}.Release|Any CPU.ActiveCfg = Release|Any CPU
		{FA9B4DD5-04AB-4EC8-A6DE-C0A2E82C2AF8}.Release|Any CPU.Build.0 = Release|Any CPU
		{0C55D37D-1B9F-4117-80C7-FC235C753BA6}.Debug|Any CPU.ActiveCfg = Debug|Any CPU
		{0C55D37D-1B9F-4117-80C7-FC235C753BA6}.Debug|Any CPU.Build.0 = Debug|Any CPU
		{0C55D37D-1B9F-4117-80C7-FC235C753BA6}.Release|Any CPU.ActiveCfg = Release|Any CPU
		{0C55D37D-1B9F-4117-80C7-FC235C753BA6}.Release|Any CPU.Build.0 = Release|Any CPU
		{BE12B40C-0500-4FA5-95B6-A3987A3F44A8}.Debug|Any CPU.ActiveCfg = Debug|Any CPU
		{BE12B40C-0500-4FA5-95B6-A3987A3F44A8}.Debug|Any CPU.Build.0 = Debug|Any CPU
		{BE12B40C-0500-4FA5-95B6-A3987A3F44A8}.Release|Any CPU.ActiveCfg = Release|Any CPU
		{BE12B40C-0500-4FA5-95B6-A3987A3F44A8}.Release|Any CPU.Build.0 = Release|Any CPU
		{34D489F8-3257-49F6-80C2-C10A2F2A3AAE}.Debug|Any CPU.ActiveCfg = Debug|Any CPU
		{34D489F8-3257-49F6-80C2-C10A2F2A3AAE}.Debug|Any CPU.Build.0 = Debug|Any CPU
		{34D489F8-3257-49F6-80C2-C10A2F2A3AAE}.Release|Any CPU.ActiveCfg = Release|Any CPU
		{34D489F8-3257-49F6-80C2-C10A2F2A3AAE}.Release|Any CPU.Build.0 = Release|Any CPU
		{886FFF94-6D74-4B32-A8C2-204E846C5642}.Debug|Any CPU.ActiveCfg = Debug|Any CPU
		{886FFF94-6D74-4B32-A8C2-204E846C5642}.Debug|Any CPU.Build.0 = Debug|Any CPU
		{886FFF94-6D74-4B32-A8C2-204E846C5642}.Release|Any CPU.ActiveCfg = Release|Any CPU
		{886FFF94-6D74-4B32-A8C2-204E846C5642}.Release|Any CPU.Build.0 = Release|Any CPU
		{EADDB235-0ED6-43FE-8628-2B9C07622EFB}.Debug|Any CPU.ActiveCfg = Debug|Any CPU
		{EADDB235-0ED6-43FE-8628-2B9C07622EFB}.Debug|Any CPU.Build.0 = Debug|Any CPU
		{EADDB235-0ED6-43FE-8628-2B9C07622EFB}.Release|Any CPU.ActiveCfg = Release|Any CPU
		{EADDB235-0ED6-43FE-8628-2B9C07622EFB}.Release|Any CPU.Build.0 = Release|Any CPU
		{1BC65231-25C8-47D0-A505-97256FA988CF}.Debug|Any CPU.ActiveCfg = Debug|Any CPU
		{1BC65231-25C8-47D0-A505-97256FA988CF}.Debug|Any CPU.Build.0 = Debug|Any CPU
		{1BC65231-25C8-47D0-A505-97256FA988CF}.Release|Any CPU.ActiveCfg = Release|Any CPU
		{1BC65231-25C8-47D0-A505-97256FA988CF}.Release|Any CPU.Build.0 = Release|Any CPU
		{131807F2-0744-4DE1-BA7F-4B99F9C368D4}.Debug|Any CPU.ActiveCfg = Debug|Any CPU
		{131807F2-0744-4DE1-BA7F-4B99F9C368D4}.Debug|Any CPU.Build.0 = Debug|Any CPU
		{131807F2-0744-4DE1-BA7F-4B99F9C368D4}.Release|Any CPU.ActiveCfg = Release|Any CPU
		{131807F2-0744-4DE1-BA7F-4B99F9C368D4}.Release|Any CPU.Build.0 = Release|Any CPU
		{00B88F3A-8F17-4100-8994-80BCBD7F811E}.Debug|Any CPU.ActiveCfg = Debug|Any CPU
		{00B88F3A-8F17-4100-8994-80BCBD7F811E}.Debug|Any CPU.Build.0 = Debug|Any CPU
		{00B88F3A-8F17-4100-8994-80BCBD7F811E}.Release|Any CPU.ActiveCfg = Release|Any CPU
		{00B88F3A-8F17-4100-8994-80BCBD7F811E}.Release|Any CPU.Build.0 = Release|Any CPU
		{EFFA13AF-F6DD-4743-BDA2-1408BB1E5A6E}.Debug|Any CPU.ActiveCfg = Debug|Any CPU
		{EFFA13AF-F6DD-4743-BDA2-1408BB1E5A6E}.Debug|Any CPU.Build.0 = Debug|Any CPU
		{EFFA13AF-F6DD-4743-BDA2-1408BB1E5A6E}.Release|Any CPU.ActiveCfg = Release|Any CPU
		{EFFA13AF-F6DD-4743-BDA2-1408BB1E5A6E}.Release|Any CPU.Build.0 = Release|Any CPU
		{2509EC25-6675-4535-B7AC-8430FF9BFB22}.Debug|Any CPU.ActiveCfg = Debug|Any CPU
		{2509EC25-6675-4535-B7AC-8430FF9BFB22}.Debug|Any CPU.Build.0 = Debug|Any CPU
		{2509EC25-6675-4535-B7AC-8430FF9BFB22}.Release|Any CPU.ActiveCfg = Release|Any CPU
		{2509EC25-6675-4535-B7AC-8430FF9BFB22}.Release|Any CPU.Build.0 = Release|Any CPU
		{622B7C79-5942-4B42-AA6D-0E5EF1727742}.Debug|Any CPU.ActiveCfg = Debug|Any CPU
		{622B7C79-5942-4B42-AA6D-0E5EF1727742}.Debug|Any CPU.Build.0 = Debug|Any CPU
		{622B7C79-5942-4B42-AA6D-0E5EF1727742}.Release|Any CPU.ActiveCfg = Release|Any CPU
		{622B7C79-5942-4B42-AA6D-0E5EF1727742}.Release|Any CPU.Build.0 = Release|Any CPU
		{69944B7E-2D2D-416A-A8D3-72F7763E426B}.Debug|Any CPU.ActiveCfg = Debug|Any CPU
		{69944B7E-2D2D-416A-A8D3-72F7763E426B}.Debug|Any CPU.Build.0 = Debug|Any CPU
		{69944B7E-2D2D-416A-A8D3-72F7763E426B}.Release|Any CPU.ActiveCfg = Release|Any CPU
		{69944B7E-2D2D-416A-A8D3-72F7763E426B}.Release|Any CPU.Build.0 = Release|Any CPU
		{030F4005-C7D3-4921-ABAD-C8A9330CA045}.Debug|Any CPU.ActiveCfg = Debug|Any CPU
		{030F4005-C7D3-4921-ABAD-C8A9330CA045}.Debug|Any CPU.Build.0 = Debug|Any CPU
		{030F4005-C7D3-4921-ABAD-C8A9330CA045}.Release|Any CPU.ActiveCfg = Release|Any CPU
		{030F4005-C7D3-4921-ABAD-C8A9330CA045}.Release|Any CPU.Build.0 = Release|Any CPU
		{D248CF6A-D813-4624-99AE-961B87F212C5}.Debug|Any CPU.ActiveCfg = Debug|Any CPU
		{D248CF6A-D813-4624-99AE-961B87F212C5}.Debug|Any CPU.Build.0 = Debug|Any CPU
		{D248CF6A-D813-4624-99AE-961B87F212C5}.Release|Any CPU.ActiveCfg = Release|Any CPU
		{D248CF6A-D813-4624-99AE-961B87F212C5}.Release|Any CPU.Build.0 = Release|Any CPU
		{8BFBDC07-CB50-4CAD-B7C8-E7C54F9B2AA2}.Debug|Any CPU.ActiveCfg = Debug|Any CPU
		{8BFBDC07-CB50-4CAD-B7C8-E7C54F9B2AA2}.Debug|Any CPU.Build.0 = Debug|Any CPU
		{8BFBDC07-CB50-4CAD-B7C8-E7C54F9B2AA2}.Release|Any CPU.ActiveCfg = Release|Any CPU
		{8BFBDC07-CB50-4CAD-B7C8-E7C54F9B2AA2}.Release|Any CPU.Build.0 = Release|Any CPU
		{9FD3D544-E225-4C8A-9278-DFCFCF29F249}.Debug|Any CPU.ActiveCfg = Debug|Any CPU
		{9FD3D544-E225-4C8A-9278-DFCFCF29F249}.Debug|Any CPU.Build.0 = Debug|Any CPU
		{9FD3D544-E225-4C8A-9278-DFCFCF29F249}.Release|Any CPU.ActiveCfg = Release|Any CPU
		{9FD3D544-E225-4C8A-9278-DFCFCF29F249}.Release|Any CPU.Build.0 = Release|Any CPU
	EndGlobalSection
	GlobalSection(SolutionProperties) = preSolution
		HideSolutionNode = FALSE
	EndGlobalSection
	GlobalSection(ExtensibilityGlobals) = postSolution
		SolutionGuid = {09C4DA6F-D49B-4FA9-BB60-355FAB13F809}
	EndGlobalSection
EndGlobal
