
Microsoft Visual Studio Solution File, Format Version 12.00
# Visual Studio Version 16
VisualStudioVersion = 16.0.30717.126
MinimumVisualStudioVersion = 10.0.40219.1
Project("{FAE04EC0-301F-11D3-BF4B-00C04F79EFBC}") = "1. Numbers1To100", "1. Numbers1To100\1. Numbers1To100.csproj", "{0807BCD5-1331-4976-A159-7C4183A0C503}"
EndProject
Project("{FAE04EC0-301F-11D3-BF4B-00C04F79EFBC}") = "2. NumbersEnding7", "2. NumbersEnding7\2. NumbersEnding7.csproj", "{61FEE647-96E0-48D4-9098-2819738712E9}"
EndProject
Project("{FAE04EC0-301F-11D3-BF4B-00C04F79EFBC}") = "3. LatinLetters", "3. LatinLetters\3. LatinLetters.csproj", "{9DDAF46F-5CC0-4BBC-B07E-0491C18529EE}"
EndProject
Project("{FAE04EC0-301F-11D3-BF4B-00C04F79EFBC}") = "4. SumOfNumbers", "4. SumOfNumbers\4. SumOfNumbers.csproj", "{7A68E955-9133-4890-8ABA-6E4CB9C20317}"
EndProject
Project("{FAE04EC0-301F-11D3-BF4B-00C04F79EFBC}") = "5. MaxNumber", "5. MaxNumber\5. MaxNumber.csproj", "{B9C865C2-0873-4712-9057-98088B5666E3}"
EndProject
Project("{FAE04EC0-301F-11D3-BF4B-00C04F79EFBC}") = "6. MinNumber", "6. MinNumber\6. MinNumber.csproj", "{E8C7BF5D-6B5B-4282-933D-C0F7531F0338}"
EndProject
Project("{FAE04EC0-301F-11D3-BF4B-00C04F79EFBC}") = "7. LeftRightSum", "7. LeftRightSum\7. LeftRightSum.csproj", "{6974DC23-9A8F-45CA-92AD-8CE4FED167A6}"
EndProject
Project("{FAE04EC0-301F-11D3-BF4B-00C04F79EFBC}") = "8. EvenOddSums", "8. EvenOddSums\8. EvenOddSums.csproj", "{DF78CAFC-B620-4560-8DB8-82C899AA9220}"
EndProject
Project("{FAE04EC0-301F-11D3-BF4B-00C04F79EFBC}") = "9. EqualCouples", "9. EqualCouples\9. EqualCouples.csproj", "{13D05174-6522-4566-906A-51ACC4C1EA9E}"
EndProject
Project("{FAE04EC0-301F-11D3-BF4B-00C04F79EFBC}") = "10. SumOfTheOthers", "10. SumOfTheOthers\10. SumOfTheOthers.csproj", "{3A922FAB-F0DE-4E2A-A8BE-34B6FFBECDF9}"
EndProject
Project("{FAE04EC0-301F-11D3-BF4B-00C04F79EFBC}") = "11. RectangleOf10X10Stars", "11. RectangleOf10X10Stars\11. RectangleOf10X10Stars.csproj", "{930C0BC2-41C2-401B-A78E-1057AA599A79}"
EndProject
Project("{FAE04EC0-301F-11D3-BF4B-00C04F79EFBC}") = "12. RectangleOfNxNStars", "12. RectangleOfNxNStars\12. RectangleOfNxNStars.csproj", "{89303841-30C0-449D-9E09-516501E10040}"
EndProject
Project("{FAE04EC0-301F-11D3-BF4B-00C04F79EFBC}") = "13. SquareOfNxNStars", "13. SquareOfNxNStars\13. SquareOfNxNStars.csproj", "{9B11B941-0DD7-4A6C-A785-5FEEDC48C234}"
EndProject
Project("{FAE04EC0-301F-11D3-BF4B-00C04F79EFBC}") = "14. TriangleOfDollar", "14. TriangleOfDollar\14. TriangleOfDollar.csproj", "{7DB46B7C-2371-44F7-BC85-C7BEFBBC39FE}"
EndProject
Project("{FAE04EC0-301F-11D3-BF4B-00C04F79EFBC}") = "15. SquareFrame", "15. SquareFrame\15. SquareFrame.csproj", "{D0E8B9E8-224E-41F1-93B9-413319C0A2AA}"
EndProject
Project("{FAE04EC0-301F-11D3-BF4B-00C04F79EFBC}") = "16. DiamondOfStars", "16. DiamondOfStars\16. DiamondOfStars.csproj", "{0B7F86B2-3446-4894-8006-BD4F582A746E}"
EndProject
Project("{FAE04EC0-301F-11D3-BF4B-00C04F79EFBC}") = "17. ChristmasTree", "17. ChristmasTree\17. ChristmasTree.csproj", "{0EAFF67E-F7AE-4BBF-8147-CC644504C650}"
EndProject
Project("{FAE04EC0-301F-11D3-BF4B-00C04F79EFBC}") = "18. SunGlasses", "18. SunGlasses\18. SunGlasses.csproj", "{E2B9BA5C-2BBB-409E-99A3-7807A104BBED}"
EndProject
Project("{FAE04EC0-301F-11D3-BF4B-00C04F79EFBC}") = "19. House", "19. House\19. House.csproj", "{F8B0650E-5779-4C33-AE9A-BB50E11EFB6D}"
EndProject
Project("{FAE04EC0-301F-11D3-BF4B-00C04F79EFBC}") = "20. Diamond", "20. Diamond\20. Diamond.csproj", "{74AC8140-6BB1-499D-A0CC-409495F46403}"
EndProject
Project("{FAE04EC0-301F-11D3-BF4B-00C04F79EFBC}") = "21. LoopByStep3", "21. LoopByStep3\21. LoopByStep3.csproj", "{B22D3F61-DDCB-4788-9991-17619B709850}"
EndProject
Project("{FAE04EC0-301F-11D3-BF4B-00C04F79EFBC}") = "22. NumbersFromNTo1", "22. NumbersFromNTo1\22. NumbersFromNTo1.csproj", "{D1A7A766-CDEA-4445-B9EE-114FB6221C9D}"
EndProject
Project("{FAE04EC0-301F-11D3-BF4B-00C04F79EFBC}") = "23. NumbersPowerOf2", "23. NumbersPowerOf2\23. NumbersPowerOf2.csproj", "{B6B10749-56F7-45FA-8B10-CE69DA65505C}"
EndProject
Project("{FAE04EC0-301F-11D3-BF4B-00C04F79EFBC}") = "24. EvenPowerOf2", "24. EvenPowerOf2\24. EvenPowerOf2.csproj", "{3E67DEC8-3112-47AC-B937-41F4799EED54}"
EndProject
Project("{FAE04EC0-301F-11D3-BF4B-00C04F79EFBC}") = "25. OrderOf2kPlus1", "25. OrderOf2kPlus1\25. OrderOf2kPlus1.csproj", "{E41E5F54-909C-4E83-BF79-CC291C0D36D7}"
EndProject
Project("{FAE04EC0-301F-11D3-BF4B-00C04F79EFBC}") = "26. NumberInRange1_100", "26. NumberInRange1_100\26. NumberInRange1_100.csproj", "{4A661595-5975-4427-9A5F-330B2D814420}"
EndProject
Project("{FAE04EC0-301F-11D3-BF4B-00C04F79EFBC}") = "27. NOD", "27. NOD\27. NOD.csproj", "{E9C8BC3C-DE04-4193-8F19-2A8B54B6B63B}"
EndProject
Project("{FAE04EC0-301F-11D3-BF4B-00C04F79EFBC}") = "28. Factoriel", "28. Factoriel\28. Factoriel.csproj", "{16C76D37-EC1C-4F7A-AEF8-B6F2A166EB52}"
EndProject
Project("{FAE04EC0-301F-11D3-BF4B-00C04F79EFBC}") = "29. SumDigitsOfNumber", "29. SumDigitsOfNumber\29. SumDigitsOfNumber.csproj", "{C52CFF92-CDD6-4FEC-A244-D6AEF230070E}"
EndProject
Project("{FAE04EC0-301F-11D3-BF4B-00C04F79EFBC}") = "30. PrimeNumber", "30. PrimeNumber\30. PrimeNumber.csproj", "{477C7F5D-DB1D-4EAA-A261-044428ABDB48}"
EndProject
Project("{FAE04EC0-301F-11D3-BF4B-00C04F79EFBC}") = "31. EvenNumberWithCheck", "31. EvenNumberWithCheck\31. EvenNumberWithCheck.csproj", "{487493C3-1CA8-444B-B1B1-47F53F178F31}"
EndProject
Project("{FAE04EC0-301F-11D3-BF4B-00C04F79EFBC}") = "32. FibonacciNumber", "32. FibonacciNumber\32. FibonacciNumber.csproj", "{C303C1D8-BF0D-47B0-8F13-505A7739CC50}"
EndProject
Project("{FAE04EC0-301F-11D3-BF4B-00C04F79EFBC}") = "33. PyramidOfNumbers", "33. PyramidOfNumbers\33. PyramidOfNumbers.csproj", "{9D5837D7-72C8-42B0-A438-156687CE4A59}"
EndProject
Project("{FAE04EC0-301F-11D3-BF4B-00C04F79EFBC}") = "34. MatrixOfNumbers", "34. MatrixOfNumbers\34. MatrixOfNumbers.csproj", "{F85C40E7-BAA4-4DA9-81F8-7A7505DF08EF}"
EndProject
Global
	GlobalSection(SolutionConfigurationPlatforms) = preSolution
		Debug|Any CPU = Debug|Any CPU
		Release|Any CPU = Release|Any CPU
	EndGlobalSection
	GlobalSection(ProjectConfigurationPlatforms) = postSolution
		{0807BCD5-1331-4976-A159-7C4183A0C503}.Debug|Any CPU.ActiveCfg = Debug|Any CPU
		{0807BCD5-1331-4976-A159-7C4183A0C503}.Debug|Any CPU.Build.0 = Debug|Any CPU
		{0807BCD5-1331-4976-A159-7C4183A0C503}.Release|Any CPU.ActiveCfg = Release|Any CPU
		{0807BCD5-1331-4976-A159-7C4183A0C503}.Release|Any CPU.Build.0 = Release|Any CPU
		{61FEE647-96E0-48D4-9098-2819738712E9}.Debug|Any CPU.ActiveCfg = Debug|Any CPU
		{61FEE647-96E0-48D4-9098-2819738712E9}.Debug|Any CPU.Build.0 = Debug|Any CPU
		{61FEE647-96E0-48D4-9098-2819738712E9}.Release|Any CPU.ActiveCfg = Release|Any CPU
		{61FEE647-96E0-48D4-9098-2819738712E9}.Release|Any CPU.Build.0 = Release|Any CPU
		{9DDAF46F-5CC0-4BBC-B07E-0491C18529EE}.Debug|Any CPU.ActiveCfg = Debug|Any CPU
		{9DDAF46F-5CC0-4BBC-B07E-0491C18529EE}.Debug|Any CPU.Build.0 = Debug|Any CPU
		{9DDAF46F-5CC0-4BBC-B07E-0491C18529EE}.Release|Any CPU.ActiveCfg = Release|Any CPU
		{9DDAF46F-5CC0-4BBC-B07E-0491C18529EE}.Release|Any CPU.Build.0 = Release|Any CPU
		{7A68E955-9133-4890-8ABA-6E4CB9C20317}.Debug|Any CPU.ActiveCfg = Debug|Any CPU
		{7A68E955-9133-4890-8ABA-6E4CB9C20317}.Debug|Any CPU.Build.0 = Debug|Any CPU
		{7A68E955-9133-4890-8ABA-6E4CB9C20317}.Release|Any CPU.ActiveCfg = Release|Any CPU
		{7A68E955-9133-4890-8ABA-6E4CB9C20317}.Release|Any CPU.Build.0 = Release|Any CPU
		{B9C865C2-0873-4712-9057-98088B5666E3}.Debug|Any CPU.ActiveCfg = Debug|Any CPU
		{B9C865C2-0873-4712-9057-98088B5666E3}.Debug|Any CPU.Build.0 = Debug|Any CPU
		{B9C865C2-0873-4712-9057-98088B5666E3}.Release|Any CPU.ActiveCfg = Release|Any CPU
		{B9C865C2-0873-4712-9057-98088B5666E3}.Release|Any CPU.Build.0 = Release|Any CPU
		{E8C7BF5D-6B5B-4282-933D-C0F7531F0338}.Debug|Any CPU.ActiveCfg = Debug|Any CPU
		{E8C7BF5D-6B5B-4282-933D-C0F7531F0338}.Debug|Any CPU.Build.0 = Debug|Any CPU
		{E8C7BF5D-6B5B-4282-933D-C0F7531F0338}.Release|Any CPU.ActiveCfg = Release|Any CPU
		{E8C7BF5D-6B5B-4282-933D-C0F7531F0338}.Release|Any CPU.Build.0 = Release|Any CPU
		{6974DC23-9A8F-45CA-92AD-8CE4FED167A6}.Debug|Any CPU.ActiveCfg = Debug|Any CPU
		{6974DC23-9A8F-45CA-92AD-8CE4FED167A6}.Debug|Any CPU.Build.0 = Debug|Any CPU
		{6974DC23-9A8F-45CA-92AD-8CE4FED167A6}.Release|Any CPU.ActiveCfg = Release|Any CPU
		{6974DC23-9A8F-45CA-92AD-8CE4FED167A6}.Release|Any CPU.Build.0 = Release|Any CPU
		{DF78CAFC-B620-4560-8DB8-82C899AA9220}.Debug|Any CPU.ActiveCfg = Debug|Any CPU
		{DF78CAFC-B620-4560-8DB8-82C899AA9220}.Debug|Any CPU.Build.0 = Debug|Any CPU
		{DF78CAFC-B620-4560-8DB8-82C899AA9220}.Release|Any CPU.ActiveCfg = Release|Any CPU
		{DF78CAFC-B620-4560-8DB8-82C899AA9220}.Release|Any CPU.Build.0 = Release|Any CPU
		{13D05174-6522-4566-906A-51ACC4C1EA9E}.Debug|Any CPU.ActiveCfg = Debug|Any CPU
		{13D05174-6522-4566-906A-51ACC4C1EA9E}.Debug|Any CPU.Build.0 = Debug|Any CPU
		{13D05174-6522-4566-906A-51ACC4C1EA9E}.Release|Any CPU.ActiveCfg = Release|Any CPU
		{13D05174-6522-4566-906A-51ACC4C1EA9E}.Release|Any CPU.Build.0 = Release|Any CPU
		{3A922FAB-F0DE-4E2A-A8BE-34B6FFBECDF9}.Debug|Any CPU.ActiveCfg = Debug|Any CPU
		{3A922FAB-F0DE-4E2A-A8BE-34B6FFBECDF9}.Debug|Any CPU.Build.0 = Debug|Any CPU
		{3A922FAB-F0DE-4E2A-A8BE-34B6FFBECDF9}.Release|Any CPU.ActiveCfg = Release|Any CPU
		{3A922FAB-F0DE-4E2A-A8BE-34B6FFBECDF9}.Release|Any CPU.Build.0 = Release|Any CPU
		{930C0BC2-41C2-401B-A78E-1057AA599A79}.Debug|Any CPU.ActiveCfg = Debug|Any CPU
		{930C0BC2-41C2-401B-A78E-1057AA599A79}.Debug|Any CPU.Build.0 = Debug|Any CPU
		{930C0BC2-41C2-401B-A78E-1057AA599A79}.Release|Any CPU.ActiveCfg = Release|Any CPU
		{930C0BC2-41C2-401B-A78E-1057AA599A79}.Release|Any CPU.Build.0 = Release|Any CPU
		{89303841-30C0-449D-9E09-516501E10040}.Debug|Any CPU.ActiveCfg = Debug|Any CPU
		{89303841-30C0-449D-9E09-516501E10040}.Debug|Any CPU.Build.0 = Debug|Any CPU
		{89303841-30C0-449D-9E09-516501E10040}.Release|Any CPU.ActiveCfg = Release|Any CPU
		{89303841-30C0-449D-9E09-516501E10040}.Release|Any CPU.Build.0 = Release|Any CPU
		{9B11B941-0DD7-4A6C-A785-5FEEDC48C234}.Debug|Any CPU.ActiveCfg = Debug|Any CPU
		{9B11B941-0DD7-4A6C-A785-5FEEDC48C234}.Debug|Any CPU.Build.0 = Debug|Any CPU
		{9B11B941-0DD7-4A6C-A785-5FEEDC48C234}.Release|Any CPU.ActiveCfg = Release|Any CPU
		{9B11B941-0DD7-4A6C-A785-5FEEDC48C234}.Release|Any CPU.Build.0 = Release|Any CPU
		{7DB46B7C-2371-44F7-BC85-C7BEFBBC39FE}.Debug|Any CPU.ActiveCfg = Debug|Any CPU
		{7DB46B7C-2371-44F7-BC85-C7BEFBBC39FE}.Debug|Any CPU.Build.0 = Debug|Any CPU
		{7DB46B7C-2371-44F7-BC85-C7BEFBBC39FE}.Release|Any CPU.ActiveCfg = Release|Any CPU
		{7DB46B7C-2371-44F7-BC85-C7BEFBBC39FE}.Release|Any CPU.Build.0 = Release|Any CPU
		{D0E8B9E8-224E-41F1-93B9-413319C0A2AA}.Debug|Any CPU.ActiveCfg = Debug|Any CPU
		{D0E8B9E8-224E-41F1-93B9-413319C0A2AA}.Debug|Any CPU.Build.0 = Debug|Any CPU
		{D0E8B9E8-224E-41F1-93B9-413319C0A2AA}.Release|Any CPU.ActiveCfg = Release|Any CPU
		{D0E8B9E8-224E-41F1-93B9-413319C0A2AA}.Release|Any CPU.Build.0 = Release|Any CPU
		{0B7F86B2-3446-4894-8006-BD4F582A746E}.Debug|Any CPU.ActiveCfg = Debug|Any CPU
		{0B7F86B2-3446-4894-8006-BD4F582A746E}.Debug|Any CPU.Build.0 = Debug|Any CPU
		{0B7F86B2-3446-4894-8006-BD4F582A746E}.Release|Any CPU.ActiveCfg = Release|Any CPU
		{0B7F86B2-3446-4894-8006-BD4F582A746E}.Release|Any CPU.Build.0 = Release|Any CPU
		{0EAFF67E-F7AE-4BBF-8147-CC644504C650}.Debug|Any CPU.ActiveCfg = Debug|Any CPU
		{0EAFF67E-F7AE-4BBF-8147-CC644504C650}.Debug|Any CPU.Build.0 = Debug|Any CPU
		{0EAFF67E-F7AE-4BBF-8147-CC644504C650}.Release|Any CPU.ActiveCfg = Release|Any CPU
		{0EAFF67E-F7AE-4BBF-8147-CC644504C650}.Release|Any CPU.Build.0 = Release|Any CPU
		{E2B9BA5C-2BBB-409E-99A3-7807A104BBED}.Debug|Any CPU.ActiveCfg = Debug|Any CPU
		{E2B9BA5C-2BBB-409E-99A3-7807A104BBED}.Debug|Any CPU.Build.0 = Debug|Any CPU
		{E2B9BA5C-2BBB-409E-99A3-7807A104BBED}.Release|Any CPU.ActiveCfg = Release|Any CPU
		{E2B9BA5C-2BBB-409E-99A3-7807A104BBED}.Release|Any CPU.Build.0 = Release|Any CPU
		{F8B0650E-5779-4C33-AE9A-BB50E11EFB6D}.Debug|Any CPU.ActiveCfg = Debug|Any CPU
		{F8B0650E-5779-4C33-AE9A-BB50E11EFB6D}.Debug|Any CPU.Build.0 = Debug|Any CPU
		{F8B0650E-5779-4C33-AE9A-BB50E11EFB6D}.Release|Any CPU.ActiveCfg = Release|Any CPU
		{F8B0650E-5779-4C33-AE9A-BB50E11EFB6D}.Release|Any CPU.Build.0 = Release|Any CPU
		{74AC8140-6BB1-499D-A0CC-409495F46403}.Debug|Any CPU.ActiveCfg = Debug|Any CPU
		{74AC8140-6BB1-499D-A0CC-409495F46403}.Debug|Any CPU.Build.0 = Debug|Any CPU
		{74AC8140-6BB1-499D-A0CC-409495F46403}.Release|Any CPU.ActiveCfg = Release|Any CPU
		{74AC8140-6BB1-499D-A0CC-409495F46403}.Release|Any CPU.Build.0 = Release|Any CPU
		{B22D3F61-DDCB-4788-9991-17619B709850}.Debug|Any CPU.ActiveCfg = Debug|Any CPU
		{B22D3F61-DDCB-4788-9991-17619B709850}.Debug|Any CPU.Build.0 = Debug|Any CPU
		{B22D3F61-DDCB-4788-9991-17619B709850}.Release|Any CPU.ActiveCfg = Release|Any CPU
		{B22D3F61-DDCB-4788-9991-17619B709850}.Release|Any CPU.Build.0 = Release|Any CPU
		{D1A7A766-CDEA-4445-B9EE-114FB6221C9D}.Debug|Any CPU.ActiveCfg = Debug|Any CPU
		{D1A7A766-CDEA-4445-B9EE-114FB6221C9D}.Debug|Any CPU.Build.0 = Debug|Any CPU
		{D1A7A766-CDEA-4445-B9EE-114FB6221C9D}.Release|Any CPU.ActiveCfg = Release|Any CPU
		{D1A7A766-CDEA-4445-B9EE-114FB6221C9D}.Release|Any CPU.Build.0 = Release|Any CPU
		{B6B10749-56F7-45FA-8B10-CE69DA65505C}.Debug|Any CPU.ActiveCfg = Debug|Any CPU
		{B6B10749-56F7-45FA-8B10-CE69DA65505C}.Debug|Any CPU.Build.0 = Debug|Any CPU
		{B6B10749-56F7-45FA-8B10-CE69DA65505C}.Release|Any CPU.ActiveCfg = Release|Any CPU
		{B6B10749-56F7-45FA-8B10-CE69DA65505C}.Release|Any CPU.Build.0 = Release|Any CPU
		{3E67DEC8-3112-47AC-B937-41F4799EED54}.Debug|Any CPU.ActiveCfg = Debug|Any CPU
		{3E67DEC8-3112-47AC-B937-41F4799EED54}.Debug|Any CPU.Build.0 = Debug|Any CPU
		{3E67DEC8-3112-47AC-B937-41F4799EED54}.Release|Any CPU.ActiveCfg = Release|Any CPU
		{3E67DEC8-3112-47AC-B937-41F4799EED54}.Release|Any CPU.Build.0 = Release|Any CPU
		{E41E5F54-909C-4E83-BF79-CC291C0D36D7}.Debug|Any CPU.ActiveCfg = Debug|Any CPU
		{E41E5F54-909C-4E83-BF79-CC291C0D36D7}.Debug|Any CPU.Build.0 = Debug|Any CPU
		{E41E5F54-909C-4E83-BF79-CC291C0D36D7}.Release|Any CPU.ActiveCfg = Release|Any CPU
		{E41E5F54-909C-4E83-BF79-CC291C0D36D7}.Release|Any CPU.Build.0 = Release|Any CPU
		{4A661595-5975-4427-9A5F-330B2D814420}.Debug|Any CPU.ActiveCfg = Debug|Any CPU
		{4A661595-5975-4427-9A5F-330B2D814420}.Debug|Any CPU.Build.0 = Debug|Any CPU
		{4A661595-5975-4427-9A5F-330B2D814420}.Release|Any CPU.ActiveCfg = Release|Any CPU
		{4A661595-5975-4427-9A5F-330B2D814420}.Release|Any CPU.Build.0 = Release|Any CPU
		{E9C8BC3C-DE04-4193-8F19-2A8B54B6B63B}.Debug|Any CPU.ActiveCfg = Debug|Any CPU
		{E9C8BC3C-DE04-4193-8F19-2A8B54B6B63B}.Debug|Any CPU.Build.0 = Debug|Any CPU
		{E9C8BC3C-DE04-4193-8F19-2A8B54B6B63B}.Release|Any CPU.ActiveCfg = Release|Any CPU
		{E9C8BC3C-DE04-4193-8F19-2A8B54B6B63B}.Release|Any CPU.Build.0 = Release|Any CPU
		{16C76D37-EC1C-4F7A-AEF8-B6F2A166EB52}.Debug|Any CPU.ActiveCfg = Debug|Any CPU
		{16C76D37-EC1C-4F7A-AEF8-B6F2A166EB52}.Debug|Any CPU.Build.0 = Debug|Any CPU
		{16C76D37-EC1C-4F7A-AEF8-B6F2A166EB52}.Release|Any CPU.ActiveCfg = Release|Any CPU
		{16C76D37-EC1C-4F7A-AEF8-B6F2A166EB52}.Release|Any CPU.Build.0 = Release|Any CPU
		{C52CFF92-CDD6-4FEC-A244-D6AEF230070E}.Debug|Any CPU.ActiveCfg = Debug|Any CPU
		{C52CFF92-CDD6-4FEC-A244-D6AEF230070E}.Debug|Any CPU.Build.0 = Debug|Any CPU
		{C52CFF92-CDD6-4FEC-A244-D6AEF230070E}.Release|Any CPU.ActiveCfg = Release|Any CPU
		{C52CFF92-CDD6-4FEC-A244-D6AEF230070E}.Release|Any CPU.Build.0 = Release|Any CPU
		{477C7F5D-DB1D-4EAA-A261-044428ABDB48}.Debug|Any CPU.ActiveCfg = Debug|Any CPU
		{477C7F5D-DB1D-4EAA-A261-044428ABDB48}.Debug|Any CPU.Build.0 = Debug|Any CPU
		{477C7F5D-DB1D-4EAA-A261-044428ABDB48}.Release|Any CPU.ActiveCfg = Release|Any CPU
		{477C7F5D-DB1D-4EAA-A261-044428ABDB48}.Release|Any CPU.Build.0 = Release|Any CPU
		{487493C3-1CA8-444B-B1B1-47F53F178F31}.Debug|Any CPU.ActiveCfg = Debug|Any CPU
		{487493C3-1CA8-444B-B1B1-47F53F178F31}.Debug|Any CPU.Build.0 = Debug|Any CPU
		{487493C3-1CA8-444B-B1B1-47F53F178F31}.Release|Any CPU.ActiveCfg = Release|Any CPU
		{487493C3-1CA8-444B-B1B1-47F53F178F31}.Release|Any CPU.Build.0 = Release|Any CPU
		{C303C1D8-BF0D-47B0-8F13-505A7739CC50}.Debug|Any CPU.ActiveCfg = Debug|Any CPU
		{C303C1D8-BF0D-47B0-8F13-505A7739CC50}.Debug|Any CPU.Build.0 = Debug|Any CPU
		{C303C1D8-BF0D-47B0-8F13-505A7739CC50}.Release|Any CPU.ActiveCfg = Release|Any CPU
		{C303C1D8-BF0D-47B0-8F13-505A7739CC50}.Release|Any CPU.Build.0 = Release|Any CPU
		{9D5837D7-72C8-42B0-A438-156687CE4A59}.Debug|Any CPU.ActiveCfg = Debug|Any CPU
		{9D5837D7-72C8-42B0-A438-156687CE4A59}.Debug|Any CPU.Build.0 = Debug|Any CPU
		{9D5837D7-72C8-42B0-A438-156687CE4A59}.Release|Any CPU.ActiveCfg = Release|Any CPU
		{9D5837D7-72C8-42B0-A438-156687CE4A59}.Release|Any CPU.Build.0 = Release|Any CPU
		{F85C40E7-BAA4-4DA9-81F8-7A7505DF08EF}.Debug|Any CPU.ActiveCfg = Debug|Any CPU
		{F85C40E7-BAA4-4DA9-81F8-7A7505DF08EF}.Debug|Any CPU.Build.0 = Debug|Any CPU
		{F85C40E7-BAA4-4DA9-81F8-7A7505DF08EF}.Release|Any CPU.ActiveCfg = Release|Any CPU
		{F85C40E7-BAA4-4DA9-81F8-7A7505DF08EF}.Release|Any CPU.Build.0 = Release|Any CPU
	EndGlobalSection
	GlobalSection(SolutionProperties) = preSolution
		HideSolutionNode = FALSE
	EndGlobalSection
	GlobalSection(ExtensibilityGlobals) = postSolution
		SolutionGuid = {E338AF9C-9F80-4AEB-B186-346A03A66632}
	EndGlobalSection
EndGlobal
