
Microsoft Visual Studio Solution File, Format Version 12.00
# Visual Studio Version 16
VisualStudioVersion = 16.0.32106.194
MinimumVisualStudioVersion = 10.0.40219.1
Project("{9A19103F-16F7-4668-BE54-9A1E7A4F7556}") = "01. ConsoleMVC", "01. ConsoleMVC\01. ConsoleMVC.csproj", "{92866EB2-4AD2-4A90-8330-00797463C23F}"
EndProject
Project("{FAE04EC0-301F-11D3-BF4B-00C04F79EFBC}") = "TipCalculatorWeb", "TipCalculatorWeb\TipCalculatorWeb.csproj", "{022758FC-4029-4F57-A03C-35CC4B751A95}"
EndProject
Global
	GlobalSection(SolutionConfigurationPlatforms) = preSolution
		Debug|Any CPU = Debug|Any CPU
		Release|Any CPU = Release|Any CPU
	EndGlobalSection
	GlobalSection(ProjectConfigurationPlatforms) = postSolution
		{92866EB2-4AD2-4A90-8330-00797463C23F}.Debug|Any CPU.ActiveCfg = Debug|Any CPU
		{92866EB2-4AD2-4A90-8330-00797463C23F}.Debug|Any CPU.Build.0 = Debug|Any CPU
		{92866EB2-4AD2-4A90-8330-00797463C23F}.Release|Any CPU.ActiveCfg = Release|Any CPU
		{92866EB2-4AD2-4A90-8330-00797463C23F}.Release|Any CPU.Build.0 = Release|Any CPU
		{022758FC-4029-4F57-A03C-35CC4B751A95}.Debug|Any CPU.ActiveCfg = Debug|Any CPU
		{022758FC-4029-4F57-A03C-35CC4B751A95}.Debug|Any CPU.Build.0 = Debug|Any CPU
		{022758FC-4029-4F57-A03C-35CC4B751A95}.Release|Any CPU.ActiveCfg = Release|Any CPU
		{022758FC-4029-4F57-A03C-35CC4B751A95}.Release|Any CPU.Build.0 = Release|Any CPU
	EndGlobalSection
	GlobalSection(SolutionProperties) = preSolution
		HideSolutionNode = FALSE
	EndGlobalSection
	GlobalSection(ExtensibilityGlobals) = postSolution
		SolutionGuid = {BB002842-7C37-4EE3-BAEA-33AA7451888C}
	EndGlobalSection
EndGlobal
