
Microsoft Visual Studio Solution File, Format Version 12.00
# Visual Studio Version 16
VisualStudioVersion = 16.0.31205.134
MinimumVisualStudioVersion = 10.0.40219.1
Project("{FAE04EC0-301F-11D3-BF4B-00C04F79EFBC}") = "01. PersonClass", "01. PersonClass\01. PersonClass.csproj", "{E2FBC68C-80F6-4965-A8CC-E4C5FC27EEC1}"
EndProject
Project("{FAE04EC0-301F-11D3-BF4B-00C04F79EFBC}") = "02. Family", "02. Family\02. Family.csproj", "{17C22367-0411-4E01-86E9-691EBE24515E}"
EndProject
Project("{FAE04EC0-301F-11D3-BF4B-00C04F79EFBC}") = "03. Statistic", "03. Statistic\03. Statistic.csproj", "{C0B6BB76-697A-4B8F-8C12-8E95FFF58A3C}"
EndProject
Global
	GlobalSection(SolutionConfigurationPlatforms) = preSolution
		Debug|Any CPU = Debug|Any CPU
		Release|Any CPU = Release|Any CPU
	EndGlobalSection
	GlobalSection(ProjectConfigurationPlatforms) = postSolution
		{E2FBC68C-80F6-4965-A8CC-E4C5FC27EEC1}.Debug|Any CPU.ActiveCfg = Debug|Any CPU
		{E2FBC68C-80F6-4965-A8CC-E4C5FC27EEC1}.Debug|Any CPU.Build.0 = Debug|Any CPU
		{E2FBC68C-80F6-4965-A8CC-E4C5FC27EEC1}.Release|Any CPU.ActiveCfg = Release|Any CPU
		{E2FBC68C-80F6-4965-A8CC-E4C5FC27EEC1}.Release|Any CPU.Build.0 = Release|Any CPU
		{17C22367-0411-4E01-86E9-691EBE24515E}.Debug|Any CPU.ActiveCfg = Debug|Any CPU
		{17C22367-0411-4E01-86E9-691EBE24515E}.Debug|Any CPU.Build.0 = Debug|Any CPU
		{17C22367-0411-4E01-86E9-691EBE24515E}.Release|Any CPU.ActiveCfg = Release|Any CPU
		{17C22367-0411-4E01-86E9-691EBE24515E}.Release|Any CPU.Build.0 = Release|Any CPU
		{C0B6BB76-697A-4B8F-8C12-8E95FFF58A3C}.Debug|Any CPU.ActiveCfg = Debug|Any CPU
		{C0B6BB76-697A-4B8F-8C12-8E95FFF58A3C}.Debug|Any CPU.Build.0 = Debug|Any CPU
		{C0B6BB76-697A-4B8F-8C12-8E95FFF58A3C}.Release|Any CPU.ActiveCfg = Release|Any CPU
		{C0B6BB76-697A-4B8F-8C12-8E95FFF58A3C}.Release|Any CPU.Build.0 = Release|Any CPU
	EndGlobalSection
	GlobalSection(SolutionProperties) = preSolution
		HideSolutionNode = FALSE
	EndGlobalSection
	GlobalSection(ExtensibilityGlobals) = postSolution
		SolutionGuid = {77CC77EE-0CFB-417F-945A-204B8D4B1E7C}
	EndGlobalSection
EndGlobal
