
Microsoft Visual Studio Solution File, Format Version 12.00
# Visual Studio Version 16
VisualStudioVersion = 16.0.31321.278
MinimumVisualStudioVersion = 10.0.40219.1
Project("{FAE04EC0-301F-11D3-BF4B-00C04F79EFBC}") = "01. ArrayListImplementation", "01. ArrayListImplementation\01. ArrayListImplementation.csproj", "{BB619DC6-A2D7-4946-AFDD-9813ABB17E66}"
EndProject
Project("{FAE04EC0-301F-11D3-BF4B-00C04F79EFBC}") = "02. StaticListImplemetation", "02. StaticListImplemetation\02. StaticListImplemetation.csproj", "{30D084EF-A41F-4624-9550-93838B0B1CE2}"
EndProject
Project("{FAE04EC0-301F-11D3-BF4B-00C04F79EFBC}") = "03. DynamicListImplementation", "03. DynamicListImplementation\03. DynamicListImplementation.csproj", "{3CC44942-E059-473C-9255-A4914FA20A0D}"
EndProject
Project("{FAE04EC0-301F-11D3-BF4B-00C04F79EFBC}") = "04. CircularQueue", "04. CircularQueue\04. CircularQueue.csproj", "{06930013-DBF0-4F5F-B519-9AAA5F959149}"
EndProject
Project("{FAE04EC0-301F-11D3-BF4B-00C04F79EFBC}") = "05. ArrayStack", "05. ArrayStack\05. ArrayStack.csproj", "{DDACFEF6-8D41-4AC9-94CC-9A67B71A204F}"
EndProject
Project("{FAE04EC0-301F-11D3-BF4B-00C04F79EFBC}") = "06. ReversedListImplementation", "06. ReversedListImplementation\06. ReversedListImplementation.csproj", "{F467A4F0-B043-498A-B351-4B549F3BA89B}"
EndProject
Project("{FAE04EC0-301F-11D3-BF4B-00C04F79EFBC}") = "07. DoublyLinkedList", "07. DoublyLinkedList\07. DoublyLinkedList.csproj", "{A2793F5F-0A87-4670-B1B9-0C95CCCDAFF0}"
EndProject
Project("{FAE04EC0-301F-11D3-BF4B-00C04F79EFBC}") = "08. DoublyLinkedQueue", "08. DoublyLinkedQueue\08. DoublyLinkedQueue.csproj", "{5FC792F7-3E96-4792-A63A-383B6A5E19B6}"
EndProject
Project("{FAE04EC0-301F-11D3-BF4B-00C04F79EFBC}") = "09. LinkedStack", "09. LinkedStack\09. LinkedStack.csproj", "{0D685708-135C-4BAE-982C-6412BF8D9979}"
EndProject
Global
	GlobalSection(SolutionConfigurationPlatforms) = preSolution
		Debug|Any CPU = Debug|Any CPU
		Release|Any CPU = Release|Any CPU
	EndGlobalSection
	GlobalSection(ProjectConfigurationPlatforms) = postSolution
		{BB619DC6-A2D7-4946-AFDD-9813ABB17E66}.Debug|Any CPU.ActiveCfg = Debug|Any CPU
		{BB619DC6-A2D7-4946-AFDD-9813ABB17E66}.Debug|Any CPU.Build.0 = Debug|Any CPU
		{BB619DC6-A2D7-4946-AFDD-9813ABB17E66}.Release|Any CPU.ActiveCfg = Release|Any CPU
		{BB619DC6-A2D7-4946-AFDD-9813ABB17E66}.Release|Any CPU.Build.0 = Release|Any CPU
		{30D084EF-A41F-4624-9550-93838B0B1CE2}.Debug|Any CPU.ActiveCfg = Debug|Any CPU
		{30D084EF-A41F-4624-9550-93838B0B1CE2}.Debug|Any CPU.Build.0 = Debug|Any CPU
		{30D084EF-A41F-4624-9550-93838B0B1CE2}.Release|Any CPU.ActiveCfg = Release|Any CPU
		{30D084EF-A41F-4624-9550-93838B0B1CE2}.Release|Any CPU.Build.0 = Release|Any CPU
		{3CC44942-E059-473C-9255-A4914FA20A0D}.Debug|Any CPU.ActiveCfg = Debug|Any CPU
		{3CC44942-E059-473C-9255-A4914FA20A0D}.Debug|Any CPU.Build.0 = Debug|Any CPU
		{3CC44942-E059-473C-9255-A4914FA20A0D}.Release|Any CPU.ActiveCfg = Release|Any CPU
		{3CC44942-E059-473C-9255-A4914FA20A0D}.Release|Any CPU.Build.0 = Release|Any CPU
		{06930013-DBF0-4F5F-B519-9AAA5F959149}.Debug|Any CPU.ActiveCfg = Debug|Any CPU
		{06930013-DBF0-4F5F-B519-9AAA5F959149}.Debug|Any CPU.Build.0 = Debug|Any CPU
		{06930013-DBF0-4F5F-B519-9AAA5F959149}.Release|Any CPU.ActiveCfg = Release|Any CPU
		{06930013-DBF0-4F5F-B519-9AAA5F959149}.Release|Any CPU.Build.0 = Release|Any CPU
		{DDACFEF6-8D41-4AC9-94CC-9A67B71A204F}.Debug|Any CPU.ActiveCfg = Debug|Any CPU
		{DDACFEF6-8D41-4AC9-94CC-9A67B71A204F}.Debug|Any CPU.Build.0 = Debug|Any CPU
		{DDACFEF6-8D41-4AC9-94CC-9A67B71A204F}.Release|Any CPU.ActiveCfg = Release|Any CPU
		{DDACFEF6-8D41-4AC9-94CC-9A67B71A204F}.Release|Any CPU.Build.0 = Release|Any CPU
		{F467A4F0-B043-498A-B351-4B549F3BA89B}.Debug|Any CPU.ActiveCfg = Debug|Any CPU
		{F467A4F0-B043-498A-B351-4B549F3BA89B}.Debug|Any CPU.Build.0 = Debug|Any CPU
		{F467A4F0-B043-498A-B351-4B549F3BA89B}.Release|Any CPU.ActiveCfg = Release|Any CPU
		{F467A4F0-B043-498A-B351-4B549F3BA89B}.Release|Any CPU.Build.0 = Release|Any CPU
		{A2793F5F-0A87-4670-B1B9-0C95CCCDAFF0}.Debug|Any CPU.ActiveCfg = Debug|Any CPU
		{A2793F5F-0A87-4670-B1B9-0C95CCCDAFF0}.Debug|Any CPU.Build.0 = Debug|Any CPU
		{A2793F5F-0A87-4670-B1B9-0C95CCCDAFF0}.Release|Any CPU.ActiveCfg = Release|Any CPU
		{A2793F5F-0A87-4670-B1B9-0C95CCCDAFF0}.Release|Any CPU.Build.0 = Release|Any CPU
		{5FC792F7-3E96-4792-A63A-383B6A5E19B6}.Debug|Any CPU.ActiveCfg = Debug|Any CPU
		{5FC792F7-3E96-4792-A63A-383B6A5E19B6}.Debug|Any CPU.Build.0 = Debug|Any CPU
		{5FC792F7-3E96-4792-A63A-383B6A5E19B6}.Release|Any CPU.ActiveCfg = Release|Any CPU
		{5FC792F7-3E96-4792-A63A-383B6A5E19B6}.Release|Any CPU.Build.0 = Release|Any CPU
		{0D685708-135C-4BAE-982C-6412BF8D9979}.Debug|Any CPU.ActiveCfg = Debug|Any CPU
		{0D685708-135C-4BAE-982C-6412BF8D9979}.Debug|Any CPU.Build.0 = Debug|Any CPU
		{0D685708-135C-4BAE-982C-6412BF8D9979}.Release|Any CPU.ActiveCfg = Release|Any CPU
		{0D685708-135C-4BAE-982C-6412BF8D9979}.Release|Any CPU.Build.0 = Release|Any CPU
	EndGlobalSection
	GlobalSection(SolutionProperties) = preSolution
		HideSolutionNode = FALSE
	EndGlobalSection
	GlobalSection(ExtensibilityGlobals) = postSolution
		SolutionGuid = {A9263288-6432-4F6C-9ED4-98D6983DD2C1}
	EndGlobalSection
EndGlobal
